PODS:
  - MBProgressHUD (1.0.0)
  - YKCenterSDK (1.7.1086)

DEPENDENCIES:
  - MBProgressHUD (~> 1.0.0)
  - YKCenterSDK (from `YKCenterSDK/`)

EXTERNAL SOURCES:
  YKCenterSDK:
    :path: YKCenterSDK/

SPEC CHECKSUMS:
  MBProgressHUD: 4890f671c94e8a0f3cf959aa731e9de2f036d71a
  YKCenterSDK: '039be88ec4f6ac55837963fbd7670e0ef71d5852'

PODFILE CHECKSUM: d3d527fd63fe31b3d1042a86221e9772a5373019

COCOAPODS: 1.2.1
