PODS:
  - MBProgressHUD (1.0.0)
  - YKCenterSDK (2.10.2050)

DEPENDENCIES:
  - MBProgressHUD (~> 1.0.0)
  - YKCenterSDK (from `./`)

SPEC REPOS:
  https://github.com/cocoapods/specs.git:
    - MBProgressHUD

EXTERNAL SOURCES:
  YKCenterSDK:
    :path: "./"

SPEC CHECKSUMS:
  MBProgressHUD: 4890f671c94e8a0f3cf959aa731e9de2f036d71a
  YKCenterSDK: c34b9095ecf205bfc775aa934cf2a584c5fd843b

PODFILE CHECKSUM: cc5008fbf37101ef7130c02da83786d971d6cd0e

COCOAPODS: 1.6.0
