// !$*UTF8*$!
{
	archiveVersion = 1;
	classes = {
	};
	objectVersion = 46;
	objects = {

/* Begin PBXBuildFile section */
		2292110B7B34D5EF0DCF0F47 /* Pods_YKCenterDemoUITests.framework in Frameworks */ = {isa = PBXBuildFile; fileRef = 14EE1DA3AE4F1B5ABB9A8CAA /* Pods_YKCenterDemoUITests.framework */; };
		3F1382FE1F5577BB00D5FD0A /* Localizable.strings in Resources */ = {isa = PBXBuildFile; fileRef = 3F1383001F5577BB00D5FD0A /* Localizable.strings */; };
		3F32EEF61EE7D5BC0032FC6A /* AppDelegate.swift in Sources */ = {isa = PBXBuildFile; fileRef = 3F32EEF51EE7D5BC0032FC6A /* AppDelegate.swift */; };
		3F32EEF81EE7D5BC0032FC6A /* ViewController.swift in Sources */ = {isa = PBXBuildFile; fileRef = 3F32EEF71EE7D5BC0032FC6A /* ViewController.swift */; };
		3F32EEFB1EE7D5BC0032FC6A /* Main.storyboard in Resources */ = {isa = PBXBuildFile; fileRef = 3F32EEF91EE7D5BC0032FC6A /* Main.storyboard */; };
		3F32EEFE1EE7D5BC0032FC6A /* YKCenterSwift.xcdatamodeld in Sources */ = {isa = PBXBuildFile; fileRef = 3F32EEFC1EE7D5BC0032FC6A /* YKCenterSwift.xcdatamodeld */; };
		3F32EF001EE7D5BD0032FC6A /* Assets.xcassets in Resources */ = {isa = PBXBuildFile; fileRef = 3F32EEFF1EE7D5BD0032FC6A /* Assets.xcassets */; };
		3F32EF031EE7D5BD0032FC6A /* LaunchScreen.storyboard in Resources */ = {isa = PBXBuildFile; fileRef = 3F32EF011EE7D5BD0032FC6A /* LaunchScreen.storyboard */; };
		3F32EF0E1EE7D5BD0032FC6A /* YKCenterSwiftTests.swift in Sources */ = {isa = PBXBuildFile; fileRef = 3F32EF0D1EE7D5BD0032FC6A /* YKCenterSwiftTests.swift */; };
		3F32EF191EE7D5BD0032FC6A /* YKCenterSwiftUITests.swift in Sources */ = {isa = PBXBuildFile; fileRef = 3F32EF181EE7D5BD0032FC6A /* YKCenterSwiftUITests.swift */; };
		3F5A21AD1E27666F006BF365 /* main.m in Sources */ = {isa = PBXBuildFile; fileRef = 3F5A21AC1E27666F006BF365 /* main.m */; };
		3F5A21B01E27666F006BF365 /* AppDelegate.m in Sources */ = {isa = PBXBuildFile; fileRef = 3F5A21AF1E27666F006BF365 /* AppDelegate.m */; };
		3F5A21B31E27666F006BF365 /* YKViewController.m in Sources */ = {isa = PBXBuildFile; fileRef = 3F5A21B21E27666F006BF365 /* YKViewController.m */; };
		3F5A21B61E27666F006BF365 /* Main.storyboard in Resources */ = {isa = PBXBuildFile; fileRef = 3F5A21B41E27666F006BF365 /* Main.storyboard */; };
		3F5A21B81E27666F006BF365 /* Assets.xcassets in Resources */ = {isa = PBXBuildFile; fileRef = 3F5A21B71E27666F006BF365 /* Assets.xcassets */; };
		3F5A21BB1E27666F006BF365 /* LaunchScreen.storyboard in Resources */ = {isa = PBXBuildFile; fileRef = 3F5A21B91E27666F006BF365 /* LaunchScreen.storyboard */; };
		3F5A21C61E27666F006BF365 /* YKCenterDemoTests.m in Sources */ = {isa = PBXBuildFile; fileRef = 3F5A21C51E27666F006BF365 /* YKCenterDemoTests.m */; };
		3F5A21D11E27666F006BF365 /* YKCenterDemoUITests.m in Sources */ = {isa = PBXBuildFile; fileRef = 3F5A21D01E27666F006BF365 /* YKCenterDemoUITests.m */; };
		3F5A21F61E277483006BF365 /* YKDeviceListCell.m in Sources */ = {isa = PBXBuildFile; fileRef = 3F5A21F41E277483006BF365 /* YKDeviceListCell.m */; };
		3F5A21F71E277483006BF365 /* YKDeviceListCell.xib in Resources */ = {isa = PBXBuildFile; fileRef = 3F5A21F51E277483006BF365 /* YKDeviceListCell.xib */; };
		3F5AC80A1EE7DF04001ACA9A /* YKTest.m in Sources */ = {isa = PBXBuildFile; fileRef = 3F5AC8091EE7DF04001ACA9A /* YKTest.m */; };
		3FA2D7E61E2C5CFA00551F8F /* Config.storyboard in Resources */ = {isa = PBXBuildFile; fileRef = 3FA2D7E51E2C5CFA00551F8F /* Config.storyboard */; };
		3FA2D7EF1E2C5EE200551F8F /* YKConfigStartController.m in Sources */ = {isa = PBXBuildFile; fileRef = 3FA2D7E81E2C5EE200551F8F /* YKConfigStartController.m */; };
		3FA2D7F71E2C5FAA00551F8F /* YKSSIDCell.m in Sources */ = {isa = PBXBuildFile; fileRef = 3FA2D7F51E2C5FAA00551F8F /* YKSSIDCell.m */; };
		3FA2D7F81E2C5FAA00551F8F /* YKSSIDCell.xib in Resources */ = {isa = PBXBuildFile; fileRef = 3FA2D7F61E2C5FAA00551F8F /* YKSSIDCell.xib */; };
		3FA2D7FC1E2C5FB500551F8F /* YKPasswordCell.m in Sources */ = {isa = PBXBuildFile; fileRef = 3FA2D7FA1E2C5FB500551F8F /* YKPasswordCell.m */; };
		3FA2D7FD1E2C5FB500551F8F /* YKPasswordCell.xib in Resources */ = {isa = PBXBuildFile; fileRef = 3FA2D7FB1E2C5FB500551F8F /* YKPasswordCell.xib */; };
		3FA2D8001E2C602800551F8F /* YKCenterCommon.m in Sources */ = {isa = PBXBuildFile; fileRef = 3FA2D7FF1E2C602800551F8F /* YKCenterCommon.m */; };
		3FA2D8081E2C68B400551F8F /* checked@2x.png in Resources */ = {isa = PBXBuildFile; fileRef = 3FA2D8041E2C68B400551F8F /* checked@2x.png */; };
		3FA2D8091E2C68B400551F8F /* unchecked@2x.png in Resources */ = {isa = PBXBuildFile; fileRef = 3FA2D8051E2C68B400551F8F /* unchecked@2x.png */; };
		3FA2D80A1E2C68B400551F8F /* RadioButton.m in Sources */ = {isa = PBXBuildFile; fileRef = 3FA2D8071E2C68B400551F8F /* RadioButton.m */; };
		3FA2D80B1E2C691D00551F8F /* YKConfigTipsController.m in Sources */ = {isa = PBXBuildFile; fileRef = 3FA2D7EC1E2C5EE200551F8F /* YKConfigTipsController.m */; };
		3FA2D80D1E2C7D7D00551F8F /* 02-airlink.gif in Resources */ = {isa = PBXBuildFile; fileRef = 3FA2D80C1E2C7D7D00551F8F /* 02-airlink.gif */; };
		3FA2D8131E2C7DB000551F8F /* UIImageView+PlayGIF.m in Sources */ = {isa = PBXBuildFile; fileRef = 3FA2D8101E2C7DB000551F8F /* UIImageView+PlayGIF.m */; };
		3FA2D8141E2C7DB000551F8F /* YFGIFImageView.m in Sources */ = {isa = PBXBuildFile; fileRef = 3FA2D8121E2C7DB000551F8F /* YFGIFImageView.m */; };
		3FA2D8151E2C7EA800551F8F /* YKConfigWaitingController.m in Sources */ = {isa = PBXBuildFile; fileRef = 3FA2D7EE1E2C5EE200551F8F /* YKConfigWaitingController.m */; };
		3FA2D8191E2C7F3B00551F8F /* UAProgressView.m in Sources */ = {isa = PBXBuildFile; fileRef = 3FA2D8181E2C7F3B00551F8F /* UAProgressView.m */; };
		3FA2D81C1E2DEA7500551F8F /* Remote.storyboard in Resources */ = {isa = PBXBuildFile; fileRef = 3FA2D81B1E2DEA7500551F8F /* Remote.storyboard */; };
		3FA2D81F1E2DF96D00551F8F /* YKDeviceTypeViewController.m in Sources */ = {isa = PBXBuildFile; fileRef = 3FA2D81E1E2DF96D00551F8F /* YKDeviceTypeViewController.m */; };
		3FA2D8261E2E0DE900551F8F /* YKBrandTableViewController.m in Sources */ = {isa = PBXBuildFile; fileRef = 3FA2D8251E2E0DE900551F8F /* YKBrandTableViewController.m */; };
		3FA2D8301E2E184100551F8F /* YKMatchDeviceTableViewController.m in Sources */ = {isa = PBXBuildFile; fileRef = 3FA2D82F1E2E184100551F8F /* YKMatchDeviceTableViewController.m */; };
		3FA2D8331E2E186400551F8F /* YKMatchKeyTableViewController.m in Sources */ = {isa = PBXBuildFile; fileRef = 3FA2D8321E2E186400551F8F /* YKMatchKeyTableViewController.m */; };
		3FA2D8801E2F71AD00551F8F /* YKRemoteTableViewController.m in Sources */ = {isa = PBXBuildFile; fileRef = 3FA2D87F1E2F71AD00551F8F /* YKRemoteTableViewController.m */; };
		3FA2D8831E305BEE00551F8F /* YKRemoteViewController.m in Sources */ = {isa = PBXBuildFile; fileRef = 3FA2D8821E305BEE00551F8F /* YKRemoteViewController.m */; };
		3FD9FA1C1EEA993F0037A44C /* SwiftYKViewController.swift in Sources */ = {isa = PBXBuildFile; fileRef = 3FD9FA1B1EEA993F0037A44C /* SwiftYKViewController.swift */; };
		3FE818C41E715E33002FD52F /* User.storyboard in Resources */ = {isa = PBXBuildFile; fileRef = 3FE818C31E715E33002FD52F /* User.storyboard */; };
		3FE818C71E7160E0002FD52F /* YKLoginViewController.m in Sources */ = {isa = PBXBuildFile; fileRef = 3FE818C61E7160E0002FD52F /* YKLoginViewController.m */; };
		3FE818CA1E723994002FD52F /* YKTextCell.m in Sources */ = {isa = PBXBuildFile; fileRef = 3FE818C91E723994002FD52F /* YKTextCell.m */; };
		3FE818CC1E723A16002FD52F /* YKTextCell.xib in Resources */ = {isa = PBXBuildFile; fileRef = 3FE818CB1E723A16002FD52F /* YKTextCell.xib */; };
		3FE818CF1E7249CF002FD52F /* YKRegisterViewController.m in Sources */ = {isa = PBXBuildFile; fileRef = 3FE818CE1E7249CF002FD52F /* YKRegisterViewController.m */; };
		3FEC71061F0357D10018F46C /* YKRemoteACViewController.m in Sources */ = {isa = PBXBuildFile; fileRef = 3FEC71051F0357D10018F46C /* YKRemoteACViewController.m */; };
		3FF3D8EC1F5F894F00A7110C /* YKForgetViewController.m in Sources */ = {isa = PBXBuildFile; fileRef = 3FF3D8EB1F5F894F00A7110C /* YKForgetViewController.m */; };
		3FF3D8EF1F5F8A8300A7110C /* YKVerificationCell.m in Sources */ = {isa = PBXBuildFile; fileRef = 3FF3D8EE1F5F8A8300A7110C /* YKVerificationCell.m */; };
		3FF3D8F31F5F8AD900A7110C /* YKVerificationCell.xib in Resources */ = {isa = PBXBuildFile; fileRef = 3FF3D8F21F5F8AD900A7110C /* YKVerificationCell.xib */; };
		3FF3D8F71F5F8C1100A7110C /* YKPhoneCell.m in Sources */ = {isa = PBXBuildFile; fileRef = 3FF3D8F51F5F8C1100A7110C /* YKPhoneCell.m */; };
		3FF3D8F81F5F8C1100A7110C /* YKPhoneCell.xib in Resources */ = {isa = PBXBuildFile; fileRef = 3FF3D8F61F5F8C1100A7110C /* YKPhoneCell.xib */; };
		6412A8F483A6B5AB75D8C98D /* Pods_YKCenterSwift.framework in Frameworks */ = {isa = PBXBuildFile; fileRef = C9F73659886A02EA84FFEB71 /* Pods_YKCenterSwift.framework */; };
		8A14D4DC4957FE71EB01A8C9 /* Pods_YKCenterDemo.framework in Frameworks */ = {isa = PBXBuildFile; fileRef = D42A381C206AC2270A0221F1 /* Pods_YKCenterDemo.framework */; };
		F81597718802442D66D96326 /* Pods_YKCenterDemoTests.framework in Frameworks */ = {isa = PBXBuildFile; fileRef = 869C7936EA2D1ED22FC85314 /* Pods_YKCenterDemoTests.framework */; };
/* End PBXBuildFile section */

/* Begin PBXContainerItemProxy section */
		3F32EF0A1EE7D5BD0032FC6A /* PBXContainerItemProxy */ = {
			isa = PBXContainerItemProxy;
			containerPortal = 3F5A21A01E27666F006BF365 /* Project object */;
			proxyType = 1;
			remoteGlobalIDString = 3F32EEF21EE7D5BC0032FC6A;
			remoteInfo = YKCenterSwift;
		};
		3F32EF151EE7D5BD0032FC6A /* PBXContainerItemProxy */ = {
			isa = PBXContainerItemProxy;
			containerPortal = 3F5A21A01E27666F006BF365 /* Project object */;
			proxyType = 1;
			remoteGlobalIDString = 3F32EEF21EE7D5BC0032FC6A;
			remoteInfo = YKCenterSwift;
		};
		3F5A21C21E27666F006BF365 /* PBXContainerItemProxy */ = {
			isa = PBXContainerItemProxy;
			containerPortal = 3F5A21A01E27666F006BF365 /* Project object */;
			proxyType = 1;
			remoteGlobalIDString = 3F5A21A71E27666F006BF365;
			remoteInfo = YKCenterDemo;
		};
		3F5A21CD1E27666F006BF365 /* PBXContainerItemProxy */ = {
			isa = PBXContainerItemProxy;
			containerPortal = 3F5A21A01E27666F006BF365 /* Project object */;
			proxyType = 1;
			remoteGlobalIDString = 3F5A21A71E27666F006BF365;
			remoteInfo = YKCenterDemo;
		};
/* End PBXContainerItemProxy section */

/* Begin PBXCopyFilesBuildPhase section */
		3F5A22021E27761F006BF365 /* Embed Frameworks */ = {
			isa = PBXCopyFilesBuildPhase;
			buildActionMask = 2147483647;
			dstPath = "";
			dstSubfolderSpec = 10;
			files = (
			);
			name = "Embed Frameworks";
			runOnlyForDeploymentPostprocessing = 0;
		};
/* End PBXCopyFilesBuildPhase section */

/* Begin PBXFileReference section */
		14EE1DA3AE4F1B5ABB9A8CAA /* Pods_YKCenterDemoUITests.framework */ = {isa = PBXFileReference; explicitFileType = wrapper.framework; includeInIndex = 0; path = Pods_YKCenterDemoUITests.framework; sourceTree = BUILT_PRODUCTS_DIR; };
		355C6262D1154727EB7321AF /* Pods-YKCenterSwift.release.xcconfig */ = {isa = PBXFileReference; includeInIndex = 1; lastKnownFileType = text.xcconfig; name = "Pods-YKCenterSwift.release.xcconfig"; path = "Pods/Target Support Files/Pods-YKCenterSwift/Pods-YKCenterSwift.release.xcconfig"; sourceTree = "<group>"; };
		3F1382F41F55775F00D5FD0A /* en */ = {isa = PBXFileReference; lastKnownFileType = text.plist.strings; name = en; path = en.lproj/Main.strings; sourceTree = "<group>"; };
		3F1382F51F55776000D5FD0A /* en */ = {isa = PBXFileReference; lastKnownFileType = text.plist.strings; name = en; path = en.lproj/LaunchScreen.strings; sourceTree = "<group>"; };
		3F1382F61F55776000D5FD0A /* en */ = {isa = PBXFileReference; lastKnownFileType = text.plist.strings; name = en; path = en.lproj/Main.strings; sourceTree = "<group>"; };
		3F1382F71F55776000D5FD0A /* en */ = {isa = PBXFileReference; lastKnownFileType = text.plist.strings; name = en; path = en.lproj/LaunchScreen.strings; sourceTree = "<group>"; };
		3F1382F81F55776500D5FD0A /* zh-Hans */ = {isa = PBXFileReference; lastKnownFileType = text.plist.strings; name = "zh-Hans"; path = "zh-Hans.lproj/Main.strings"; sourceTree = "<group>"; };
		3F1382F91F55776500D5FD0A /* zh-Hans */ = {isa = PBXFileReference; lastKnownFileType = text.plist.strings; name = "zh-Hans"; path = "zh-Hans.lproj/LaunchScreen.strings"; sourceTree = "<group>"; };
		3F1382FA1F55776500D5FD0A /* zh-Hans */ = {isa = PBXFileReference; lastKnownFileType = text.plist.strings; name = "zh-Hans"; path = "zh-Hans.lproj/Main.strings"; sourceTree = "<group>"; };
		3F1382FB1F55776500D5FD0A /* zh-Hans */ = {isa = PBXFileReference; lastKnownFileType = text.plist.strings; name = "zh-Hans"; path = "zh-Hans.lproj/LaunchScreen.strings"; sourceTree = "<group>"; };
		3F1382FF1F5577BB00D5FD0A /* zh-Hans */ = {isa = PBXFileReference; lastKnownFileType = text.plist.strings; name = "zh-Hans"; path = "zh-Hans.lproj/Localizable.strings"; sourceTree = "<group>"; };
		3F1383011F5577F000D5FD0A /* en */ = {isa = PBXFileReference; lastKnownFileType = text.plist.strings; name = en; path = en.lproj/Localizable.strings; sourceTree = "<group>"; };
		3F32EEF31EE7D5BC0032FC6A /* YKCenterSwift.app */ = {isa = PBXFileReference; explicitFileType = wrapper.application; includeInIndex = 0; path = YKCenterSwift.app; sourceTree = BUILT_PRODUCTS_DIR; };
		3F32EEF51EE7D5BC0032FC6A /* AppDelegate.swift */ = {isa = PBXFileReference; lastKnownFileType = sourcecode.swift; path = AppDelegate.swift; sourceTree = "<group>"; };
		3F32EEF71EE7D5BC0032FC6A /* ViewController.swift */ = {isa = PBXFileReference; lastKnownFileType = sourcecode.swift; path = ViewController.swift; sourceTree = "<group>"; };
		3F32EEFA1EE7D5BC0032FC6A /* Base */ = {isa = PBXFileReference; lastKnownFileType = file.storyboard; name = Base; path = Base.lproj/Main.storyboard; sourceTree = "<group>"; };
		3F32EEFD1EE7D5BC0032FC6A /* YKCenterSwift.xcdatamodel */ = {isa = PBXFileReference; lastKnownFileType = wrapper.xcdatamodel; path = YKCenterSwift.xcdatamodel; sourceTree = "<group>"; };
		3F32EEFF1EE7D5BD0032FC6A /* Assets.xcassets */ = {isa = PBXFileReference; lastKnownFileType = folder.assetcatalog; path = Assets.xcassets; sourceTree = "<group>"; };
		3F32EF021EE7D5BD0032FC6A /* Base */ = {isa = PBXFileReference; lastKnownFileType = file.storyboard; name = Base; path = Base.lproj/LaunchScreen.storyboard; sourceTree = "<group>"; };
		3F32EF041EE7D5BD0032FC6A /* Info.plist */ = {isa = PBXFileReference; lastKnownFileType = text.plist.xml; path = Info.plist; sourceTree = "<group>"; };
		3F32EF091EE7D5BD0032FC6A /* YKCenterSwiftTests.xctest */ = {isa = PBXFileReference; explicitFileType = wrapper.cfbundle; includeInIndex = 0; path = YKCenterSwiftTests.xctest; sourceTree = BUILT_PRODUCTS_DIR; };
		3F32EF0D1EE7D5BD0032FC6A /* YKCenterSwiftTests.swift */ = {isa = PBXFileReference; lastKnownFileType = sourcecode.swift; path = YKCenterSwiftTests.swift; sourceTree = "<group>"; };
		3F32EF0F1EE7D5BD0032FC6A /* Info.plist */ = {isa = PBXFileReference; lastKnownFileType = text.plist.xml; path = Info.plist; sourceTree = "<group>"; };
		3F32EF141EE7D5BD0032FC6A /* YKCenterSwiftUITests.xctest */ = {isa = PBXFileReference; explicitFileType = wrapper.cfbundle; includeInIndex = 0; path = YKCenterSwiftUITests.xctest; sourceTree = BUILT_PRODUCTS_DIR; };
		3F32EF181EE7D5BD0032FC6A /* YKCenterSwiftUITests.swift */ = {isa = PBXFileReference; lastKnownFileType = sourcecode.swift; path = YKCenterSwiftUITests.swift; sourceTree = "<group>"; };
		3F32EF1A1EE7D5BD0032FC6A /* Info.plist */ = {isa = PBXFileReference; lastKnownFileType = text.plist.xml; path = Info.plist; sourceTree = "<group>"; };
		3F5A21A81E27666F006BF365 /* YKCenterDemo.app */ = {isa = PBXFileReference; explicitFileType = wrapper.application; includeInIndex = 0; path = YKCenterDemo.app; sourceTree = BUILT_PRODUCTS_DIR; };
		3F5A21AC1E27666F006BF365 /* main.m */ = {isa = PBXFileReference; lastKnownFileType = sourcecode.c.objc; path = main.m; sourceTree = "<group>"; };
		3F5A21AE1E27666F006BF365 /* AppDelegate.h */ = {isa = PBXFileReference; lastKnownFileType = sourcecode.c.h; path = AppDelegate.h; sourceTree = "<group>"; };
		3F5A21AF1E27666F006BF365 /* AppDelegate.m */ = {isa = PBXFileReference; lastKnownFileType = sourcecode.c.objc; path = AppDelegate.m; sourceTree = "<group>"; };
		3F5A21B11E27666F006BF365 /* YKViewController.h */ = {isa = PBXFileReference; lastKnownFileType = sourcecode.c.h; path = YKViewController.h; sourceTree = "<group>"; };
		3F5A21B21E27666F006BF365 /* YKViewController.m */ = {isa = PBXFileReference; lastKnownFileType = sourcecode.c.objc; path = YKViewController.m; sourceTree = "<group>"; };
		3F5A21B51E27666F006BF365 /* Base */ = {isa = PBXFileReference; lastKnownFileType = file.storyboard; name = Base; path = Base.lproj/Main.storyboard; sourceTree = "<group>"; };
		3F5A21B71E27666F006BF365 /* Assets.xcassets */ = {isa = PBXFileReference; lastKnownFileType = folder.assetcatalog; path = Assets.xcassets; sourceTree = "<group>"; };
		3F5A21BA1E27666F006BF365 /* Base */ = {isa = PBXFileReference; lastKnownFileType = file.storyboard; name = Base; path = Base.lproj/LaunchScreen.storyboard; sourceTree = "<group>"; };
		3F5A21BC1E27666F006BF365 /* Info.plist */ = {isa = PBXFileReference; lastKnownFileType = text.plist.xml; path = Info.plist; sourceTree = "<group>"; };
		3F5A21C11E27666F006BF365 /* YKCenterDemoTests.xctest */ = {isa = PBXFileReference; explicitFileType = wrapper.cfbundle; includeInIndex = 0; path = YKCenterDemoTests.xctest; sourceTree = BUILT_PRODUCTS_DIR; };
		3F5A21C51E27666F006BF365 /* YKCenterDemoTests.m */ = {isa = PBXFileReference; lastKnownFileType = sourcecode.c.objc; path = YKCenterDemoTests.m; sourceTree = "<group>"; };
		3F5A21C71E27666F006BF365 /* Info.plist */ = {isa = PBXFileReference; lastKnownFileType = text.plist.xml; path = Info.plist; sourceTree = "<group>"; };
		3F5A21CC1E27666F006BF365 /* YKCenterDemoUITests.xctest */ = {isa = PBXFileReference; explicitFileType = wrapper.cfbundle; includeInIndex = 0; path = YKCenterDemoUITests.xctest; sourceTree = BUILT_PRODUCTS_DIR; };
		3F5A21D01E27666F006BF365 /* YKCenterDemoUITests.m */ = {isa = PBXFileReference; lastKnownFileType = sourcecode.c.objc; path = YKCenterDemoUITests.m; sourceTree = "<group>"; };
		3F5A21D21E27666F006BF365 /* Info.plist */ = {isa = PBXFileReference; lastKnownFileType = text.plist.xml; path = Info.plist; sourceTree = "<group>"; };
		3F5A21F31E277483006BF365 /* YKDeviceListCell.h */ = {isa = PBXFileReference; fileEncoding = 4; lastKnownFileType = sourcecode.c.h; path = YKDeviceListCell.h; sourceTree = "<group>"; };
		3F5A21F41E277483006BF365 /* YKDeviceListCell.m */ = {isa = PBXFileReference; fileEncoding = 4; lastKnownFileType = sourcecode.c.objc; path = YKDeviceListCell.m; sourceTree = "<group>"; };
		3F5A21F51E277483006BF365 /* YKDeviceListCell.xib */ = {isa = PBXFileReference; fileEncoding = 4; lastKnownFileType = file.xib; path = YKDeviceListCell.xib; sourceTree = "<group>"; };
		3F5AC8071EE7DF04001ACA9A /* YKCenterSwift-Bridging-Header.h */ = {isa = PBXFileReference; lastKnownFileType = sourcecode.c.h; path = "YKCenterSwift-Bridging-Header.h"; sourceTree = "<group>"; };
		3F5AC8081EE7DF04001ACA9A /* YKTest.h */ = {isa = PBXFileReference; lastKnownFileType = sourcecode.c.h; path = YKTest.h; sourceTree = "<group>"; };
		3F5AC8091EE7DF04001ACA9A /* YKTest.m */ = {isa = PBXFileReference; lastKnownFileType = sourcecode.c.objc; path = YKTest.m; sourceTree = "<group>"; };
		3FA2D7E51E2C5CFA00551F8F /* Config.storyboard */ = {isa = PBXFileReference; fileEncoding = 4; lastKnownFileType = file.storyboard; path = Config.storyboard; sourceTree = "<group>"; };
		3FA2D7E71E2C5EE200551F8F /* YKConfigStartController.h */ = {isa = PBXFileReference; fileEncoding = 4; lastKnownFileType = sourcecode.c.h; path = YKConfigStartController.h; sourceTree = "<group>"; };
		3FA2D7E81E2C5EE200551F8F /* YKConfigStartController.m */ = {isa = PBXFileReference; fileEncoding = 4; lastKnownFileType = sourcecode.c.objc; path = YKConfigStartController.m; sourceTree = "<group>"; };
		3FA2D7EB1E2C5EE200551F8F /* YKConfigTipsController.h */ = {isa = PBXFileReference; fileEncoding = 4; lastKnownFileType = sourcecode.c.h; path = YKConfigTipsController.h; sourceTree = "<group>"; };
		3FA2D7EC1E2C5EE200551F8F /* YKConfigTipsController.m */ = {isa = PBXFileReference; fileEncoding = 4; lastKnownFileType = sourcecode.c.objc; path = YKConfigTipsController.m; sourceTree = "<group>"; };
		3FA2D7ED1E2C5EE200551F8F /* YKConfigWaitingController.h */ = {isa = PBXFileReference; fileEncoding = 4; lastKnownFileType = sourcecode.c.h; path = YKConfigWaitingController.h; sourceTree = "<group>"; };
		3FA2D7EE1E2C5EE200551F8F /* YKConfigWaitingController.m */ = {isa = PBXFileReference; fileEncoding = 4; lastKnownFileType = sourcecode.c.objc; path = YKConfigWaitingController.m; sourceTree = "<group>"; };
		3FA2D7F41E2C5FAA00551F8F /* YKSSIDCell.h */ = {isa = PBXFileReference; fileEncoding = 4; lastKnownFileType = sourcecode.c.h; path = YKSSIDCell.h; sourceTree = "<group>"; };
		3FA2D7F51E2C5FAA00551F8F /* YKSSIDCell.m */ = {isa = PBXFileReference; fileEncoding = 4; lastKnownFileType = sourcecode.c.objc; path = YKSSIDCell.m; sourceTree = "<group>"; };
		3FA2D7F61E2C5FAA00551F8F /* YKSSIDCell.xib */ = {isa = PBXFileReference; fileEncoding = 4; lastKnownFileType = file.xib; path = YKSSIDCell.xib; sourceTree = "<group>"; };
		3FA2D7F91E2C5FB500551F8F /* YKPasswordCell.h */ = {isa = PBXFileReference; fileEncoding = 4; lastKnownFileType = sourcecode.c.h; path = YKPasswordCell.h; sourceTree = "<group>"; };
		3FA2D7FA1E2C5FB500551F8F /* YKPasswordCell.m */ = {isa = PBXFileReference; fileEncoding = 4; lastKnownFileType = sourcecode.c.objc; path = YKPasswordCell.m; sourceTree = "<group>"; };
		3FA2D7FB1E2C5FB500551F8F /* YKPasswordCell.xib */ = {isa = PBXFileReference; fileEncoding = 4; lastKnownFileType = file.xib; path = YKPasswordCell.xib; sourceTree = "<group>"; };
		3FA2D7FE1E2C602800551F8F /* YKCenterCommon.h */ = {isa = PBXFileReference; fileEncoding = 4; lastKnownFileType = sourcecode.c.h; path = YKCenterCommon.h; sourceTree = "<group>"; };
		3FA2D7FF1E2C602800551F8F /* YKCenterCommon.m */ = {isa = PBXFileReference; fileEncoding = 4; lastKnownFileType = sourcecode.c.objc; path = YKCenterCommon.m; sourceTree = "<group>"; };
		3FA2D8041E2C68B400551F8F /* checked@2x.png */ = {isa = PBXFileReference; lastKnownFileType = image.png; path = "checked@2x.png"; sourceTree = "<group>"; };
		3FA2D8051E2C68B400551F8F /* unchecked@2x.png */ = {isa = PBXFileReference; lastKnownFileType = image.png; path = "unchecked@2x.png"; sourceTree = "<group>"; };
		3FA2D8061E2C68B400551F8F /* RadioButton.h */ = {isa = PBXFileReference; fileEncoding = 4; lastKnownFileType = sourcecode.c.h; path = RadioButton.h; sourceTree = "<group>"; };
		3FA2D8071E2C68B400551F8F /* RadioButton.m */ = {isa = PBXFileReference; fileEncoding = 4; lastKnownFileType = sourcecode.c.objc; path = RadioButton.m; sourceTree = "<group>"; };
		3FA2D80C1E2C7D7D00551F8F /* 02-airlink.gif */ = {isa = PBXFileReference; lastKnownFileType = image.gif; path = "02-airlink.gif"; sourceTree = "<group>"; };
		3FA2D80F1E2C7DB000551F8F /* UIImageView+PlayGIF.h */ = {isa = PBXFileReference; fileEncoding = 4; lastKnownFileType = sourcecode.c.h; path = "UIImageView+PlayGIF.h"; sourceTree = "<group>"; };
		3FA2D8101E2C7DB000551F8F /* UIImageView+PlayGIF.m */ = {isa = PBXFileReference; fileEncoding = 4; lastKnownFileType = sourcecode.c.objc; path = "UIImageView+PlayGIF.m"; sourceTree = "<group>"; };
		3FA2D8111E2C7DB000551F8F /* YFGIFImageView.h */ = {isa = PBXFileReference; fileEncoding = 4; lastKnownFileType = sourcecode.c.h; path = YFGIFImageView.h; sourceTree = "<group>"; };
		3FA2D8121E2C7DB000551F8F /* YFGIFImageView.m */ = {isa = PBXFileReference; fileEncoding = 4; lastKnownFileType = sourcecode.c.objc; path = YFGIFImageView.m; sourceTree = "<group>"; };
		3FA2D8171E2C7F3B00551F8F /* UAProgressView.h */ = {isa = PBXFileReference; fileEncoding = 4; lastKnownFileType = sourcecode.c.h; path = UAProgressView.h; sourceTree = "<group>"; };
		3FA2D8181E2C7F3B00551F8F /* UAProgressView.m */ = {isa = PBXFileReference; fileEncoding = 4; lastKnownFileType = sourcecode.c.objc; path = UAProgressView.m; sourceTree = "<group>"; };
		3FA2D81B1E2DEA7500551F8F /* Remote.storyboard */ = {isa = PBXFileReference; fileEncoding = 4; lastKnownFileType = file.storyboard; path = Remote.storyboard; sourceTree = "<group>"; };
		3FA2D81D1E2DF96D00551F8F /* YKDeviceTypeViewController.h */ = {isa = PBXFileReference; fileEncoding = 4; lastKnownFileType = sourcecode.c.h; path = YKDeviceTypeViewController.h; sourceTree = "<group>"; };
		3FA2D81E1E2DF96D00551F8F /* YKDeviceTypeViewController.m */ = {isa = PBXFileReference; fileEncoding = 4; lastKnownFileType = sourcecode.c.objc; path = YKDeviceTypeViewController.m; sourceTree = "<group>"; };
		3FA2D8241E2E0DE900551F8F /* YKBrandTableViewController.h */ = {isa = PBXFileReference; fileEncoding = 4; lastKnownFileType = sourcecode.c.h; path = YKBrandTableViewController.h; sourceTree = "<group>"; };
		3FA2D8251E2E0DE900551F8F /* YKBrandTableViewController.m */ = {isa = PBXFileReference; fileEncoding = 4; lastKnownFileType = sourcecode.c.objc; path = YKBrandTableViewController.m; sourceTree = "<group>"; };
		3FA2D82E1E2E184100551F8F /* YKMatchDeviceTableViewController.h */ = {isa = PBXFileReference; fileEncoding = 4; lastKnownFileType = sourcecode.c.h; path = YKMatchDeviceTableViewController.h; sourceTree = "<group>"; };
		3FA2D82F1E2E184100551F8F /* YKMatchDeviceTableViewController.m */ = {isa = PBXFileReference; fileEncoding = 4; lastKnownFileType = sourcecode.c.objc; path = YKMatchDeviceTableViewController.m; sourceTree = "<group>"; };
		3FA2D8311E2E186400551F8F /* YKMatchKeyTableViewController.h */ = {isa = PBXFileReference; fileEncoding = 4; lastKnownFileType = sourcecode.c.h; path = YKMatchKeyTableViewController.h; sourceTree = "<group>"; };
		3FA2D8321E2E186400551F8F /* YKMatchKeyTableViewController.m */ = {isa = PBXFileReference; fileEncoding = 4; lastKnownFileType = sourcecode.c.objc; path = YKMatchKeyTableViewController.m; sourceTree = "<group>"; };
		3FA2D87E1E2F71AD00551F8F /* YKRemoteTableViewController.h */ = {isa = PBXFileReference; fileEncoding = 4; lastKnownFileType = sourcecode.c.h; path = YKRemoteTableViewController.h; sourceTree = "<group>"; };
		3FA2D87F1E2F71AD00551F8F /* YKRemoteTableViewController.m */ = {isa = PBXFileReference; fileEncoding = 4; lastKnownFileType = sourcecode.c.objc; path = YKRemoteTableViewController.m; sourceTree = "<group>"; };
		3FA2D8811E305BEE00551F8F /* YKRemoteViewController.h */ = {isa = PBXFileReference; fileEncoding = 4; lastKnownFileType = sourcecode.c.h; path = YKRemoteViewController.h; sourceTree = "<group>"; };
		3FA2D8821E305BEE00551F8F /* YKRemoteViewController.m */ = {isa = PBXFileReference; fileEncoding = 4; lastKnownFileType = sourcecode.c.objc; path = YKRemoteViewController.m; sourceTree = "<group>"; };
		3FD9FA1A1EEA993F0037A44C /* YKCenterDemo-Bridging-Header.h */ = {isa = PBXFileReference; lastKnownFileType = sourcecode.c.h; path = "YKCenterDemo-Bridging-Header.h"; sourceTree = "<group>"; };
		3FD9FA1B1EEA993F0037A44C /* SwiftYKViewController.swift */ = {isa = PBXFileReference; fileEncoding = 4; lastKnownFileType = sourcecode.swift; path = SwiftYKViewController.swift; sourceTree = "<group>"; };
		3FE818C31E715E33002FD52F /* User.storyboard */ = {isa = PBXFileReference; fileEncoding = 4; lastKnownFileType = file.storyboard; path = User.storyboard; sourceTree = "<group>"; };
		3FE818C51E7160E0002FD52F /* YKLoginViewController.h */ = {isa = PBXFileReference; fileEncoding = 4; lastKnownFileType = sourcecode.c.h; path = YKLoginViewController.h; sourceTree = "<group>"; };
		3FE818C61E7160E0002FD52F /* YKLoginViewController.m */ = {isa = PBXFileReference; fileEncoding = 4; lastKnownFileType = sourcecode.c.objc; path = YKLoginViewController.m; sourceTree = "<group>"; };
		3FE818C81E723994002FD52F /* YKTextCell.h */ = {isa = PBXFileReference; fileEncoding = 4; lastKnownFileType = sourcecode.c.h; path = YKTextCell.h; sourceTree = "<group>"; };
		3FE818C91E723994002FD52F /* YKTextCell.m */ = {isa = PBXFileReference; fileEncoding = 4; lastKnownFileType = sourcecode.c.objc; path = YKTextCell.m; sourceTree = "<group>"; };
		3FE818CB1E723A16002FD52F /* YKTextCell.xib */ = {isa = PBXFileReference; fileEncoding = 4; lastKnownFileType = file.xib; path = YKTextCell.xib; sourceTree = "<group>"; };
		3FE818CD1E7249CF002FD52F /* YKRegisterViewController.h */ = {isa = PBXFileReference; fileEncoding = 4; lastKnownFileType = sourcecode.c.h; path = YKRegisterViewController.h; sourceTree = "<group>"; };
		3FE818CE1E7249CF002FD52F /* YKRegisterViewController.m */ = {isa = PBXFileReference; fileEncoding = 4; lastKnownFileType = sourcecode.c.objc; path = YKRegisterViewController.m; sourceTree = "<group>"; };
		3FEC71041F0357D10018F46C /* YKRemoteACViewController.h */ = {isa = PBXFileReference; fileEncoding = 4; lastKnownFileType = sourcecode.c.h; path = YKRemoteACViewController.h; sourceTree = "<group>"; };
		3FEC71051F0357D10018F46C /* YKRemoteACViewController.m */ = {isa = PBXFileReference; fileEncoding = 4; lastKnownFileType = sourcecode.c.objc; path = YKRemoteACViewController.m; sourceTree = "<group>"; };
		3FF3D8EA1F5F894F00A7110C /* YKForgetViewController.h */ = {isa = PBXFileReference; lastKnownFileType = sourcecode.c.h; path = YKForgetViewController.h; sourceTree = "<group>"; };
		3FF3D8EB1F5F894F00A7110C /* YKForgetViewController.m */ = {isa = PBXFileReference; lastKnownFileType = sourcecode.c.objc; path = YKForgetViewController.m; sourceTree = "<group>"; };
		3FF3D8ED1F5F8A8200A7110C /* YKVerificationCell.h */ = {isa = PBXFileReference; lastKnownFileType = sourcecode.c.h; path = YKVerificationCell.h; sourceTree = "<group>"; };
		3FF3D8EE1F5F8A8300A7110C /* YKVerificationCell.m */ = {isa = PBXFileReference; lastKnownFileType = sourcecode.c.objc; path = YKVerificationCell.m; sourceTree = "<group>"; };
		3FF3D8F21F5F8AD900A7110C /* YKVerificationCell.xib */ = {isa = PBXFileReference; lastKnownFileType = file.xib; path = YKVerificationCell.xib; sourceTree = "<group>"; };
		3FF3D8F41F5F8C1100A7110C /* YKPhoneCell.h */ = {isa = PBXFileReference; lastKnownFileType = sourcecode.c.h; path = YKPhoneCell.h; sourceTree = "<group>"; };
		3FF3D8F51F5F8C1100A7110C /* YKPhoneCell.m */ = {isa = PBXFileReference; lastKnownFileType = sourcecode.c.objc; path = YKPhoneCell.m; sourceTree = "<group>"; };
		3FF3D8F61F5F8C1100A7110C /* YKPhoneCell.xib */ = {isa = PBXFileReference; lastKnownFileType = file.xib; path = YKPhoneCell.xib; sourceTree = "<group>"; };
		44A2DD7874924338FB5FC93E /* Pods-YKCenterDemoTests.debug.xcconfig */ = {isa = PBXFileReference; includeInIndex = 1; lastKnownFileType = text.xcconfig; name = "Pods-YKCenterDemoTests.debug.xcconfig"; path = "Pods/Target Support Files/Pods-YKCenterDemoTests/Pods-YKCenterDemoTests.debug.xcconfig"; sourceTree = "<group>"; };
		474C1B9CFFE633D1CB331BF7 /* Pods-YKCenterDemoUITests.debug.xcconfig */ = {isa = PBXFileReference; includeInIndex = 1; lastKnownFileType = text.xcconfig; name = "Pods-YKCenterDemoUITests.debug.xcconfig"; path = "Pods/Target Support Files/Pods-YKCenterDemoUITests/Pods-YKCenterDemoUITests.debug.xcconfig"; sourceTree = "<group>"; };
		496F3FBD45EAA063D624E25F /* Pods-YKCenterSwift.debug.xcconfig */ = {isa = PBXFileReference; includeInIndex = 1; lastKnownFileType = text.xcconfig; name = "Pods-YKCenterSwift.debug.xcconfig"; path = "Pods/Target Support Files/Pods-YKCenterSwift/Pods-YKCenterSwift.debug.xcconfig"; sourceTree = "<group>"; };
		750A4D20AAEFF164616399CD /* Pods-YKCenterDemoTests.release.xcconfig */ = {isa = PBXFileReference; includeInIndex = 1; lastKnownFileType = text.xcconfig; name = "Pods-YKCenterDemoTests.release.xcconfig"; path = "Pods/Target Support Files/Pods-YKCenterDemoTests/Pods-YKCenterDemoTests.release.xcconfig"; sourceTree = "<group>"; };
		869C7936EA2D1ED22FC85314 /* Pods_YKCenterDemoTests.framework */ = {isa = PBXFileReference; explicitFileType = wrapper.framework; includeInIndex = 0; path = Pods_YKCenterDemoTests.framework; sourceTree = BUILT_PRODUCTS_DIR; };
		953D650F0BE54DF95127B38B /* Pods-YKCenterDemo.debug.xcconfig */ = {isa = PBXFileReference; includeInIndex = 1; lastKnownFileType = text.xcconfig; name = "Pods-YKCenterDemo.debug.xcconfig"; path = "Pods/Target Support Files/Pods-YKCenterDemo/Pods-YKCenterDemo.debug.xcconfig"; sourceTree = "<group>"; };
		C27E20758E35C3EA31589872 /* Pods-YKCenterDemo.release.xcconfig */ = {isa = PBXFileReference; includeInIndex = 1; lastKnownFileType = text.xcconfig; name = "Pods-YKCenterDemo.release.xcconfig"; path = "Pods/Target Support Files/Pods-YKCenterDemo/Pods-YKCenterDemo.release.xcconfig"; sourceTree = "<group>"; };
		C9F73659886A02EA84FFEB71 /* Pods_YKCenterSwift.framework */ = {isa = PBXFileReference; explicitFileType = wrapper.framework; includeInIndex = 0; path = Pods_YKCenterSwift.framework; sourceTree = BUILT_PRODUCTS_DIR; };
		CDC7C44A38E90531FA3BFC2B /* Pods-YKCenterDemoUITests.release.xcconfig */ = {isa = PBXFileReference; includeInIndex = 1; lastKnownFileType = text.xcconfig; name = "Pods-YKCenterDemoUITests.release.xcconfig"; path = "Pods/Target Support Files/Pods-YKCenterDemoUITests/Pods-YKCenterDemoUITests.release.xcconfig"; sourceTree = "<group>"; };
		D42A381C206AC2270A0221F1 /* Pods_YKCenterDemo.framework */ = {isa = PBXFileReference; explicitFileType = wrapper.framework; includeInIndex = 0; path = Pods_YKCenterDemo.framework; sourceTree = BUILT_PRODUCTS_DIR; };
/* End PBXFileReference section */

/* Begin PBXFrameworksBuildPhase section */
		3F32EEF01EE7D5BC0032FC6A /* Frameworks */ = {
			isa = PBXFrameworksBuildPhase;
			buildActionMask = 2147483647;
			files = (
				6412A8F483A6B5AB75D8C98D /* Pods_YKCenterSwift.framework in Frameworks */,
			);
			runOnlyForDeploymentPostprocessing = 0;
		};
		3F32EF061EE7D5BD0032FC6A /* Frameworks */ = {
			isa = PBXFrameworksBuildPhase;
			buildActionMask = 2147483647;
			files = (
			);
			runOnlyForDeploymentPostprocessing = 0;
		};
		3F32EF111EE7D5BD0032FC6A /* Frameworks */ = {
			isa = PBXFrameworksBuildPhase;
			buildActionMask = 2147483647;
			files = (
			);
			runOnlyForDeploymentPostprocessing = 0;
		};
		3F5A21A51E27666F006BF365 /* Frameworks */ = {
			isa = PBXFrameworksBuildPhase;
			buildActionMask = 2147483647;
			files = (
				8A14D4DC4957FE71EB01A8C9 /* Pods_YKCenterDemo.framework in Frameworks */,
			);
			runOnlyForDeploymentPostprocessing = 0;
		};
		3F5A21BE1E27666F006BF365 /* Frameworks */ = {
			isa = PBXFrameworksBuildPhase;
			buildActionMask = 2147483647;
			files = (
				F81597718802442D66D96326 /* Pods_YKCenterDemoTests.framework in Frameworks */,
			);
			runOnlyForDeploymentPostprocessing = 0;
		};
		3F5A21C91E27666F006BF365 /* Frameworks */ = {
			isa = PBXFrameworksBuildPhase;
			buildActionMask = 2147483647;
			files = (
				2292110B7B34D5EF0DCF0F47 /* Pods_YKCenterDemoUITests.framework in Frameworks */,
			);
			runOnlyForDeploymentPostprocessing = 0;
		};
/* End PBXFrameworksBuildPhase section */

/* Begin PBXGroup section */
		3F32EEF41EE7D5BC0032FC6A /* YKCenterSwift */ = {
			isa = PBXGroup;
			children = (
				3F32EEF51EE7D5BC0032FC6A /* AppDelegate.swift */,
				3F32EEF71EE7D5BC0032FC6A /* ViewController.swift */,
				3F32EEF91EE7D5BC0032FC6A /* Main.storyboard */,
				3F32EEFF1EE7D5BD0032FC6A /* Assets.xcassets */,
				3F32EF011EE7D5BD0032FC6A /* LaunchScreen.storyboard */,
				3F32EF041EE7D5BD0032FC6A /* Info.plist */,
				3F32EEFC1EE7D5BC0032FC6A /* YKCenterSwift.xcdatamodeld */,
				3F5AC8081EE7DF04001ACA9A /* YKTest.h */,
				3F5AC8091EE7DF04001ACA9A /* YKTest.m */,
				3F5AC8071EE7DF04001ACA9A /* YKCenterSwift-Bridging-Header.h */,
			);
			path = YKCenterSwift;
			sourceTree = "<group>";
		};
		3F32EF0C1EE7D5BD0032FC6A /* YKCenterSwiftTests */ = {
			isa = PBXGroup;
			children = (
				3F32EF0D1EE7D5BD0032FC6A /* YKCenterSwiftTests.swift */,
				3F32EF0F1EE7D5BD0032FC6A /* Info.plist */,
			);
			path = YKCenterSwiftTests;
			sourceTree = "<group>";
		};
		3F32EF171EE7D5BD0032FC6A /* YKCenterSwiftUITests */ = {
			isa = PBXGroup;
			children = (
				3F32EF181EE7D5BD0032FC6A /* YKCenterSwiftUITests.swift */,
				3F32EF1A1EE7D5BD0032FC6A /* Info.plist */,
			);
			path = YKCenterSwiftUITests;
			sourceTree = "<group>";
		};
		3F5A219F1E27666F006BF365 = {
			isa = PBXGroup;
			children = (
				3F5A21AA1E27666F006BF365 /* YKCenterDemo */,
				3F5A21C41E27666F006BF365 /* YKCenterDemoTests */,
				3F5A21CF1E27666F006BF365 /* YKCenterDemoUITests */,
				3F32EEF41EE7D5BC0032FC6A /* YKCenterSwift */,
				3F32EF0C1EE7D5BD0032FC6A /* YKCenterSwiftTests */,
				3F32EF171EE7D5BD0032FC6A /* YKCenterSwiftUITests */,
				3F5A21A91E27666F006BF365 /* Products */,
				3FA2D8011E2C68AC00551F8F /* Thirdpart */,
				546035220651E5D1C9DA8CEB /* Pods */,
				ACF749D161E65BEC47C3B512 /* Frameworks */,
			);
			sourceTree = "<group>";
		};
		3F5A21A91E27666F006BF365 /* Products */ = {
			isa = PBXGroup;
			children = (
				3F5A21A81E27666F006BF365 /* YKCenterDemo.app */,
				3F5A21C11E27666F006BF365 /* YKCenterDemoTests.xctest */,
				3F5A21CC1E27666F006BF365 /* YKCenterDemoUITests.xctest */,
				3F32EEF31EE7D5BC0032FC6A /* YKCenterSwift.app */,
				3F32EF091EE7D5BD0032FC6A /* YKCenterSwiftTests.xctest */,
				3F32EF141EE7D5BD0032FC6A /* YKCenterSwiftUITests.xctest */,
			);
			name = Products;
			sourceTree = "<group>";
		};
		3F5A21AA1E27666F006BF365 /* YKCenterDemo */ = {
			isa = PBXGroup;
			children = (
				3FE818C21E715D4C002FD52F /* User */,
				3FA2D81A1E2DE99C00551F8F /* Remote */,
				3FA2D7F31E2C5EE800551F8F /* Config */,
				3F5A21AE1E27666F006BF365 /* AppDelegate.h */,
				3F5A21AF1E27666F006BF365 /* AppDelegate.m */,
				3FA2D7FE1E2C602800551F8F /* YKCenterCommon.h */,
				3FA2D7FF1E2C602800551F8F /* YKCenterCommon.m */,
				3F5A21B11E27666F006BF365 /* YKViewController.h */,
				3F5A21B21E27666F006BF365 /* YKViewController.m */,
				3F5A21F31E277483006BF365 /* YKDeviceListCell.h */,
				3F5A21F41E277483006BF365 /* YKDeviceListCell.m */,
				3F5A21F51E277483006BF365 /* YKDeviceListCell.xib */,
				3F5A21B41E27666F006BF365 /* Main.storyboard */,
				3FA2D87E1E2F71AD00551F8F /* YKRemoteTableViewController.h */,
				3FA2D87F1E2F71AD00551F8F /* YKRemoteTableViewController.m */,
				3FA2D8811E305BEE00551F8F /* YKRemoteViewController.h */,
				3FA2D8821E305BEE00551F8F /* YKRemoteViewController.m */,
				3FEC71041F0357D10018F46C /* YKRemoteACViewController.h */,
				3FEC71051F0357D10018F46C /* YKRemoteACViewController.m */,
				3F5A21B71E27666F006BF365 /* Assets.xcassets */,
				3F5A21B91E27666F006BF365 /* LaunchScreen.storyboard */,
				3F5A21BC1E27666F006BF365 /* Info.plist */,
				3F5A21AB1E27666F006BF365 /* Supporting Files */,
				3FD9FA1B1EEA993F0037A44C /* SwiftYKViewController.swift */,
				3FD9FA1A1EEA993F0037A44C /* YKCenterDemo-Bridging-Header.h */,
				3F1383001F5577BB00D5FD0A /* Localizable.strings */,
			);
			path = YKCenterDemo;
			sourceTree = "<group>";
		};
		3F5A21AB1E27666F006BF365 /* Supporting Files */ = {
			isa = PBXGroup;
			children = (
				3FA2D80C1E2C7D7D00551F8F /* 02-airlink.gif */,
				3F5A21AC1E27666F006BF365 /* main.m */,
			);
			name = "Supporting Files";
			sourceTree = "<group>";
		};
		3F5A21C41E27666F006BF365 /* YKCenterDemoTests */ = {
			isa = PBXGroup;
			children = (
				3F5A21C51E27666F006BF365 /* YKCenterDemoTests.m */,
				3F5A21C71E27666F006BF365 /* Info.plist */,
			);
			path = YKCenterDemoTests;
			sourceTree = "<group>";
		};
		3F5A21CF1E27666F006BF365 /* YKCenterDemoUITests */ = {
			isa = PBXGroup;
			children = (
				3F5A21D01E27666F006BF365 /* YKCenterDemoUITests.m */,
				3F5A21D21E27666F006BF365 /* Info.plist */,
			);
			path = YKCenterDemoUITests;
			sourceTree = "<group>";
		};
		3FA2D7F31E2C5EE800551F8F /* Config */ = {
			isa = PBXGroup;
			children = (
				3FA2D7E51E2C5CFA00551F8F /* Config.storyboard */,
				3FA2D7E71E2C5EE200551F8F /* YKConfigStartController.h */,
				3FA2D7E81E2C5EE200551F8F /* YKConfigStartController.m */,
				3FA2D7EB1E2C5EE200551F8F /* YKConfigTipsController.h */,
				3FA2D7EC1E2C5EE200551F8F /* YKConfigTipsController.m */,
				3FA2D7ED1E2C5EE200551F8F /* YKConfigWaitingController.h */,
				3FA2D7EE1E2C5EE200551F8F /* YKConfigWaitingController.m */,
				3FA2D7F41E2C5FAA00551F8F /* YKSSIDCell.h */,
				3FA2D7F51E2C5FAA00551F8F /* YKSSIDCell.m */,
				3FA2D7F61E2C5FAA00551F8F /* YKSSIDCell.xib */,
				3FA2D7F91E2C5FB500551F8F /* YKPasswordCell.h */,
				3FA2D7FA1E2C5FB500551F8F /* YKPasswordCell.m */,
				3FA2D7FB1E2C5FB500551F8F /* YKPasswordCell.xib */,
			);
			name = Config;
			sourceTree = "<group>";
		};
		3FA2D8011E2C68AC00551F8F /* Thirdpart */ = {
			isa = PBXGroup;
			children = (
				3FA2D8161E2C7F3B00551F8F /* UAProgressView */,
				3FA2D80E1E2C7DB000551F8F /* UIImageView-PlayGIF */,
				3FA2D8021E2C68B400551F8F /* RadioButton */,
			);
			path = Thirdpart;
			sourceTree = "<group>";
		};
		3FA2D8021E2C68B400551F8F /* RadioButton */ = {
			isa = PBXGroup;
			children = (
				3FA2D8031E2C68B400551F8F /* radio-res-ios */,
				3FA2D8061E2C68B400551F8F /* RadioButton.h */,
				3FA2D8071E2C68B400551F8F /* RadioButton.m */,
			);
			path = RadioButton;
			sourceTree = "<group>";
		};
		3FA2D8031E2C68B400551F8F /* radio-res-ios */ = {
			isa = PBXGroup;
			children = (
				3FA2D8041E2C68B400551F8F /* checked@2x.png */,
				3FA2D8051E2C68B400551F8F /* unchecked@2x.png */,
			);
			path = "radio-res-ios";
			sourceTree = "<group>";
		};
		3FA2D80E1E2C7DB000551F8F /* UIImageView-PlayGIF */ = {
			isa = PBXGroup;
			children = (
				3FA2D80F1E2C7DB000551F8F /* UIImageView+PlayGIF.h */,
				3FA2D8101E2C7DB000551F8F /* UIImageView+PlayGIF.m */,
				3FA2D8111E2C7DB000551F8F /* YFGIFImageView.h */,
				3FA2D8121E2C7DB000551F8F /* YFGIFImageView.m */,
			);
			path = "UIImageView-PlayGIF";
			sourceTree = "<group>";
		};
		3FA2D8161E2C7F3B00551F8F /* UAProgressView */ = {
			isa = PBXGroup;
			children = (
				3FA2D8171E2C7F3B00551F8F /* UAProgressView.h */,
				3FA2D8181E2C7F3B00551F8F /* UAProgressView.m */,
			);
			path = UAProgressView;
			sourceTree = "<group>";
		};
		3FA2D81A1E2DE99C00551F8F /* Remote */ = {
			isa = PBXGroup;
			children = (
				3FA2D81B1E2DEA7500551F8F /* Remote.storyboard */,
				3FA2D81D1E2DF96D00551F8F /* YKDeviceTypeViewController.h */,
				3FA2D81E1E2DF96D00551F8F /* YKDeviceTypeViewController.m */,
				3FA2D8241E2E0DE900551F8F /* YKBrandTableViewController.h */,
				3FA2D8251E2E0DE900551F8F /* YKBrandTableViewController.m */,
				3FA2D82E1E2E184100551F8F /* YKMatchDeviceTableViewController.h */,
				3FA2D82F1E2E184100551F8F /* YKMatchDeviceTableViewController.m */,
				3FA2D8311E2E186400551F8F /* YKMatchKeyTableViewController.h */,
				3FA2D8321E2E186400551F8F /* YKMatchKeyTableViewController.m */,
			);
			name = Remote;
			sourceTree = "<group>";
		};
		3FE818C21E715D4C002FD52F /* User */ = {
			isa = PBXGroup;
			children = (
				3FE818C31E715E33002FD52F /* User.storyboard */,
				3FE818C51E7160E0002FD52F /* YKLoginViewController.h */,
				3FE818C61E7160E0002FD52F /* YKLoginViewController.m */,
				3FF3D8F41F5F8C1100A7110C /* YKPhoneCell.h */,
				3FF3D8F51F5F8C1100A7110C /* YKPhoneCell.m */,
				3FF3D8F61F5F8C1100A7110C /* YKPhoneCell.xib */,
				3FE818C81E723994002FD52F /* YKTextCell.h */,
				3FE818C91E723994002FD52F /* YKTextCell.m */,
				3FE818CB1E723A16002FD52F /* YKTextCell.xib */,
				3FF3D8ED1F5F8A8200A7110C /* YKVerificationCell.h */,
				3FF3D8EE1F5F8A8300A7110C /* YKVerificationCell.m */,
				3FF3D8F21F5F8AD900A7110C /* YKVerificationCell.xib */,
				3FE818CD1E7249CF002FD52F /* YKRegisterViewController.h */,
				3FE818CE1E7249CF002FD52F /* YKRegisterViewController.m */,
				3FF3D8EA1F5F894F00A7110C /* YKForgetViewController.h */,
				3FF3D8EB1F5F894F00A7110C /* YKForgetViewController.m */,
			);
			name = User;
			sourceTree = "<group>";
		};
		546035220651E5D1C9DA8CEB /* Pods */ = {
			isa = PBXGroup;
			children = (
				953D650F0BE54DF95127B38B /* Pods-YKCenterDemo.debug.xcconfig */,
				C27E20758E35C3EA31589872 /* Pods-YKCenterDemo.release.xcconfig */,
				44A2DD7874924338FB5FC93E /* Pods-YKCenterDemoTests.debug.xcconfig */,
				750A4D20AAEFF164616399CD /* Pods-YKCenterDemoTests.release.xcconfig */,
				474C1B9CFFE633D1CB331BF7 /* Pods-YKCenterDemoUITests.debug.xcconfig */,
				CDC7C44A38E90531FA3BFC2B /* Pods-YKCenterDemoUITests.release.xcconfig */,
				496F3FBD45EAA063D624E25F /* Pods-YKCenterSwift.debug.xcconfig */,
				355C6262D1154727EB7321AF /* Pods-YKCenterSwift.release.xcconfig */,
			);
			name = Pods;
			sourceTree = "<group>";
		};
		ACF749D161E65BEC47C3B512 /* Frameworks */ = {
			isa = PBXGroup;
			children = (
				D42A381C206AC2270A0221F1 /* Pods_YKCenterDemo.framework */,
				869C7936EA2D1ED22FC85314 /* Pods_YKCenterDemoTests.framework */,
				14EE1DA3AE4F1B5ABB9A8CAA /* Pods_YKCenterDemoUITests.framework */,
				C9F73659886A02EA84FFEB71 /* Pods_YKCenterSwift.framework */,
			);
			name = Frameworks;
			sourceTree = "<group>";
		};
/* End PBXGroup section */

/* Begin PBXNativeTarget section */
		3F32EEF21EE7D5BC0032FC6A /* YKCenterSwift */ = {
			isa = PBXNativeTarget;
			buildConfigurationList = 3F32EF211EE7D5BD0032FC6A /* Build configuration list for PBXNativeTarget "YKCenterSwift" */;
			buildPhases = (
				4EE15F953AF6CD075AB3E128 /* [CP] Check Pods Manifest.lock */,
				3F32EEEF1EE7D5BC0032FC6A /* Sources */,
				3F32EEF01EE7D5BC0032FC6A /* Frameworks */,
				3F32EEF11EE7D5BC0032FC6A /* Resources */,
				EECE5B9ABC2A304E3FE6FF89 /* [CP] Embed Pods Frameworks */,
				035F05D093F9E76FD8439C26 /* [CP] Copy Pods Resources */,
			);
			buildRules = (
			);
			dependencies = (
			);
			name = YKCenterSwift;
			productName = YKCenterSwift;
			productReference = 3F32EEF31EE7D5BC0032FC6A /* YKCenterSwift.app */;
			productType = "com.apple.product-type.application";
		};
		3F32EF081EE7D5BD0032FC6A /* YKCenterSwiftTests */ = {
			isa = PBXNativeTarget;
			buildConfigurationList = 3F32EF221EE7D5BD0032FC6A /* Build configuration list for PBXNativeTarget "YKCenterSwiftTests" */;
			buildPhases = (
				3F32EF051EE7D5BD0032FC6A /* Sources */,
				3F32EF061EE7D5BD0032FC6A /* Frameworks */,
				3F32EF071EE7D5BD0032FC6A /* Resources */,
			);
			buildRules = (
			);
			dependencies = (
				3F32EF0B1EE7D5BD0032FC6A /* PBXTargetDependency */,
			);
			name = YKCenterSwiftTests;
			productName = YKCenterSwiftTests;
			productReference = 3F32EF091EE7D5BD0032FC6A /* YKCenterSwiftTests.xctest */;
			productType = "com.apple.product-type.bundle.unit-test";
		};
		3F32EF131EE7D5BD0032FC6A /* YKCenterSwiftUITests */ = {
			isa = PBXNativeTarget;
			buildConfigurationList = 3F32EF231EE7D5BD0032FC6A /* Build configuration list for PBXNativeTarget "YKCenterSwiftUITests" */;
			buildPhases = (
				3F32EF101EE7D5BD0032FC6A /* Sources */,
				3F32EF111EE7D5BD0032FC6A /* Frameworks */,
				3F32EF121EE7D5BD0032FC6A /* Resources */,
			);
			buildRules = (
			);
			dependencies = (
				3F32EF161EE7D5BD0032FC6A /* PBXTargetDependency */,
			);
			name = YKCenterSwiftUITests;
			productName = YKCenterSwiftUITests;
			productReference = 3F32EF141EE7D5BD0032FC6A /* YKCenterSwiftUITests.xctest */;
			productType = "com.apple.product-type.bundle.ui-testing";
		};
		3F5A21A71E27666F006BF365 /* YKCenterDemo */ = {
			isa = PBXNativeTarget;
			buildConfigurationList = 3F5A21D51E27666F006BF365 /* Build configuration list for PBXNativeTarget "YKCenterDemo" */;
			buildPhases = (
				C2AAF2853A8FE4901582AEC4 /* [CP] Check Pods Manifest.lock */,
				3F5A21A41E27666F006BF365 /* Sources */,
				3F5A21A51E27666F006BF365 /* Frameworks */,
				3F5A21A61E27666F006BF365 /* Resources */,
				3F5A22021E27761F006BF365 /* Embed Frameworks */,
				A6B6DBB5827EBA40C9BA027B /* [CP] Embed Pods Frameworks */,
				09C292576C2204E9C602E00B /* [CP] Copy Pods Resources */,
			);
			buildRules = (
			);
			dependencies = (
			);
			name = YKCenterDemo;
			productName = YKCenterDemo;
			productReference = 3F5A21A81E27666F006BF365 /* YKCenterDemo.app */;
			productType = "com.apple.product-type.application";
		};
		3F5A21C01E27666F006BF365 /* YKCenterDemoTests */ = {
			isa = PBXNativeTarget;
			buildConfigurationList = 3F5A21D81E27666F006BF365 /* Build configuration list for PBXNativeTarget "YKCenterDemoTests" */;
			buildPhases = (
				9FEF4A835833DE350C855E69 /* [CP] Check Pods Manifest.lock */,
				3F5A21BD1E27666F006BF365 /* Sources */,
				3F5A21BE1E27666F006BF365 /* Frameworks */,
				3F5A21BF1E27666F006BF365 /* Resources */,
				E3414B486F6E8D90BABAAA4B /* [CP] Embed Pods Frameworks */,
				B658F39BD587533BB94CA982 /* [CP] Copy Pods Resources */,
			);
			buildRules = (
			);
			dependencies = (
				3F5A21C31E27666F006BF365 /* PBXTargetDependency */,
			);
			name = YKCenterDemoTests;
			productName = YKCenterDemoTests;
			productReference = 3F5A21C11E27666F006BF365 /* YKCenterDemoTests.xctest */;
			productType = "com.apple.product-type.bundle.unit-test";
		};
		3F5A21CB1E27666F006BF365 /* YKCenterDemoUITests */ = {
			isa = PBXNativeTarget;
			buildConfigurationList = 3F5A21DB1E27666F006BF365 /* Build configuration list for PBXNativeTarget "YKCenterDemoUITests" */;
			buildPhases = (
				52804815537885DCA589D7C9 /* [CP] Check Pods Manifest.lock */,
				3F5A21C81E27666F006BF365 /* Sources */,
				3F5A21C91E27666F006BF365 /* Frameworks */,
				3F5A21CA1E27666F006BF365 /* Resources */,
				E625A6B946591B5940B1C7EC /* [CP] Embed Pods Frameworks */,
				9F30FF0225887C43FDC9A8E0 /* [CP] Copy Pods Resources */,
			);
			buildRules = (
			);
			dependencies = (
				3F5A21CE1E27666F006BF365 /* PBXTargetDependency */,
			);
			name = YKCenterDemoUITests;
			productName = YKCenterDemoUITests;
			productReference = 3F5A21CC1E27666F006BF365 /* YKCenterDemoUITests.xctest */;
			productType = "com.apple.product-type.bundle.ui-testing";
		};
/* End PBXNativeTarget section */

/* Begin PBXProject section */
		3F5A21A01E27666F006BF365 /* Project object */ = {
			isa = PBXProject;
			attributes = {
				CLASSPREFIX = YK;
				LastSwiftUpdateCheck = 0830;
				LastUpgradeCheck = 0820;
				ORGANIZATIONNAME = "Shenzhen Yaokan Technology Co., Ltd.";
				TargetAttributes = {
					3F32EEF21EE7D5BC0032FC6A = {
						CreatedOnToolsVersion = 8.3.2;
						DevelopmentTeam = HY8S4564M8;
						LastSwiftMigration = 0900;
						ProvisioningStyle = Manual;
					};
					3F32EF081EE7D5BD0032FC6A = {
						CreatedOnToolsVersion = 8.3.2;
						DevelopmentTeam = HY8S4564M8;
						ProvisioningStyle = Automatic;
						TestTargetID = 3F32EEF21EE7D5BC0032FC6A;
					};
					3F32EF131EE7D5BD0032FC6A = {
						CreatedOnToolsVersion = 8.3.2;
						DevelopmentTeam = HY8S4564M8;
						ProvisioningStyle = Automatic;
						TestTargetID = 3F32EEF21EE7D5BC0032FC6A;
					};
					3F5A21A71E27666F006BF365 = {
						CreatedOnToolsVersion = 8.2.1;
						DevelopmentTeam = HY8S4564M8;
						LastSwiftMigration = 0830;
						ProvisioningStyle = Manual;
					};
					3F5A21C01E27666F006BF365 = {
						CreatedOnToolsVersion = 8.2.1;
						ProvisioningStyle = Automatic;
						TestTargetID = 3F5A21A71E27666F006BF365;
					};
					3F5A21CB1E27666F006BF365 = {
						CreatedOnToolsVersion = 8.2.1;
						ProvisioningStyle = Automatic;
						TestTargetID = 3F5A21A71E27666F006BF365;
					};
				};
			};
			buildConfigurationList = 3F5A21A31E27666F006BF365 /* Build configuration list for PBXProject "YKCenterDemo" */;
			compatibilityVersion = "Xcode 3.2";
			developmentRegion = English;
			hasScannedForEncodings = 0;
			knownRegions = (
				Base,
				en,
			);
			mainGroup = 3F5A219F1E27666F006BF365;
			productRefGroup = 3F5A21A91E27666F006BF365 /* Products */;
			projectDirPath = "";
			projectRoot = "";
			targets = (
				3F5A21A71E27666F006BF365 /* YKCenterDemo */,
				3F5A21C01E27666F006BF365 /* YKCenterDemoTests */,
				3F5A21CB1E27666F006BF365 /* YKCenterDemoUITests */,
				3F32EEF21EE7D5BC0032FC6A /* YKCenterSwift */,
				3F32EF081EE7D5BD0032FC6A /* YKCenterSwiftTests */,
				3F32EF131EE7D5BD0032FC6A /* YKCenterSwiftUITests */,
			);
		};
/* End PBXProject section */

/* Begin PBXResourcesBuildPhase section */
		3F32EEF11EE7D5BC0032FC6A /* Resources */ = {
			isa = PBXResourcesBuildPhase;
			buildActionMask = 2147483647;
			files = (
				3F32EF031EE7D5BD0032FC6A /* LaunchScreen.storyboard in Resources */,
				3F32EF001EE7D5BD0032FC6A /* Assets.xcassets in Resources */,
				3F32EEFB1EE7D5BC0032FC6A /* Main.storyboard in Resources */,
			);
			runOnlyForDeploymentPostprocessing = 0;
		};
		3F32EF071EE7D5BD0032FC6A /* Resources */ = {
			isa = PBXResourcesBuildPhase;
			buildActionMask = 2147483647;
			files = (
			);
			runOnlyForDeploymentPostprocessing = 0;
		};
		3F32EF121EE7D5BD0032FC6A /* Resources */ = {
			isa = PBXResourcesBuildPhase;
			buildActionMask = 2147483647;
			files = (
			);
			runOnlyForDeploymentPostprocessing = 0;
		};
		3F5A21A61E27666F006BF365 /* Resources */ = {
			isa = PBXResourcesBuildPhase;
			buildActionMask = 2147483647;
			files = (
				3FA2D81C1E2DEA7500551F8F /* Remote.storyboard in Resources */,
				3FA2D7FD1E2C5FB500551F8F /* YKPasswordCell.xib in Resources */,
				3F5A21BB1E27666F006BF365 /* LaunchScreen.storyboard in Resources */,
				3FF3D8F31F5F8AD900A7110C /* YKVerificationCell.xib in Resources */,
				3F1382FE1F5577BB00D5FD0A /* Localizable.strings in Resources */,
				3FA2D8081E2C68B400551F8F /* checked@2x.png in Resources */,
				3FA2D80D1E2C7D7D00551F8F /* 02-airlink.gif in Resources */,
				3F5A21F71E277483006BF365 /* YKDeviceListCell.xib in Resources */,
				3FE818CC1E723A16002FD52F /* YKTextCell.xib in Resources */,
				3FA2D7E61E2C5CFA00551F8F /* Config.storyboard in Resources */,
				3F5A21B81E27666F006BF365 /* Assets.xcassets in Resources */,
				3FA2D8091E2C68B400551F8F /* unchecked@2x.png in Resources */,
				3F5A21B61E27666F006BF365 /* Main.storyboard in Resources */,
				3FE818C41E715E33002FD52F /* User.storyboard in Resources */,
				3FF3D8F81F5F8C1100A7110C /* YKPhoneCell.xib in Resources */,
				3FA2D7F81E2C5FAA00551F8F /* YKSSIDCell.xib in Resources */,
			);
			runOnlyForDeploymentPostprocessing = 0;
		};
		3F5A21BF1E27666F006BF365 /* Resources */ = {
			isa = PBXResourcesBuildPhase;
			buildActionMask = 2147483647;
			files = (
			);
			runOnlyForDeploymentPostprocessing = 0;
		};
		3F5A21CA1E27666F006BF365 /* Resources */ = {
			isa = PBXResourcesBuildPhase;
			buildActionMask = 2147483647;
			files = (
			);
			runOnlyForDeploymentPostprocessing = 0;
		};
/* End PBXResourcesBuildPhase section */

/* Begin PBXShellScriptBuildPhase section */
		035F05D093F9E76FD8439C26 /* [CP] Copy Pods Resources */ = {
			isa = PBXShellScriptBuildPhase;
			buildActionMask = 2147483647;
			files = (
			);
			inputPaths = (
			);
			name = "[CP] Copy Pods Resources";
			outputPaths = (
			);
			runOnlyForDeploymentPostprocessing = 0;
			shellPath = /bin/sh;
			shellScript = "\"${SRCROOT}/Pods/Target Support Files/Pods-YKCenterSwift/Pods-YKCenterSwift-resources.sh\"\n";
			showEnvVarsInLog = 0;
		};
		09C292576C2204E9C602E00B /* [CP] Copy Pods Resources */ = {
			isa = PBXShellScriptBuildPhase;
			buildActionMask = 2147483647;
			files = (
			);
			inputPaths = (
			);
			name = "[CP] Copy Pods Resources";
			outputPaths = (
			);
			runOnlyForDeploymentPostprocessing = 0;
			shellPath = /bin/sh;
			shellScript = "\"${SRCROOT}/Pods/Target Support Files/Pods-YKCenterDemo/Pods-YKCenterDemo-resources.sh\"\n";
			showEnvVarsInLog = 0;
		};
		4EE15F953AF6CD075AB3E128 /* [CP] Check Pods Manifest.lock */ = {
			isa = PBXShellScriptBuildPhase;
			buildActionMask = 2147483647;
			files = (
			);
			inputPaths = (
			);
			name = "[CP] Check Pods Manifest.lock";
			outputPaths = (
			);
			runOnlyForDeploymentPostprocessing = 0;
			shellPath = /bin/sh;
			shellScript = "diff \"${PODS_PODFILE_DIR_PATH}/Podfile.lock\" \"${PODS_ROOT}/Manifest.lock\" > /dev/null\nif [ $? != 0 ] ; then\n    # print error to STDERR\n    echo \"error: The sandbox is not in sync with the Podfile.lock. Run 'pod install' or update your CocoaPods installation.\" >&2\n    exit 1\nfi\n";
			showEnvVarsInLog = 0;
		};
		52804815537885DCA589D7C9 /* [CP] Check Pods Manifest.lock */ = {
			isa = PBXShellScriptBuildPhase;
			buildActionMask = 2147483647;
			files = (
			);
			inputPaths = (
			);
			name = "[CP] Check Pods Manifest.lock";
			outputPaths = (
			);
			runOnlyForDeploymentPostprocessing = 0;
			shellPath = /bin/sh;
			shellScript = "diff \"${PODS_PODFILE_DIR_PATH}/Podfile.lock\" \"${PODS_ROOT}/Manifest.lock\" > /dev/null\nif [ $? != 0 ] ; then\n    # print error to STDERR\n    echo \"error: The sandbox is not in sync with the Podfile.lock. Run 'pod install' or update your CocoaPods installation.\" >&2\n    exit 1\nfi\n";
			showEnvVarsInLog = 0;
		};
		9F30FF0225887C43FDC9A8E0 /* [CP] Copy Pods Resources */ = {
			isa = PBXShellScriptBuildPhase;
			buildActionMask = 2147483647;
			files = (
			);
			inputPaths = (
			);
			name = "[CP] Copy Pods Resources";
			outputPaths = (
			);
			runOnlyForDeploymentPostprocessing = 0;
			shellPath = /bin/sh;
			shellScript = "\"${SRCROOT}/Pods/Target Support Files/Pods-YKCenterDemoUITests/Pods-YKCenterDemoUITests-resources.sh\"\n";
			showEnvVarsInLog = 0;
		};
		9FEF4A835833DE350C855E69 /* [CP] Check Pods Manifest.lock */ = {
			isa = PBXShellScriptBuildPhase;
			buildActionMask = 2147483647;
			files = (
			);
			inputPaths = (
			);
			name = "[CP] Check Pods Manifest.lock";
			outputPaths = (
			);
			runOnlyForDeploymentPostprocessing = 0;
			shellPath = /bin/sh;
			shellScript = "diff \"${PODS_PODFILE_DIR_PATH}/Podfile.lock\" \"${PODS_ROOT}/Manifest.lock\" > /dev/null\nif [ $? != 0 ] ; then\n    # print error to STDERR\n    echo \"error: The sandbox is not in sync with the Podfile.lock. Run 'pod install' or update your CocoaPods installation.\" >&2\n    exit 1\nfi\n";
			showEnvVarsInLog = 0;
		};
		A6B6DBB5827EBA40C9BA027B /* [CP] Embed Pods Frameworks */ = {
			isa = PBXShellScriptBuildPhase;
			buildActionMask = 2147483647;
			files = (
			);
			inputPaths = (
			);
			name = "[CP] Embed Pods Frameworks";
			outputPaths = (
			);
			runOnlyForDeploymentPostprocessing = 0;
			shellPath = /bin/sh;
			shellScript = "\"${SRCROOT}/Pods/Target Support Files/Pods-YKCenterDemo/Pods-YKCenterDemo-frameworks.sh\"\n";
			showEnvVarsInLog = 0;
		};
		B658F39BD587533BB94CA982 /* [CP] Copy Pods Resources */ = {
			isa = PBXShellScriptBuildPhase;
			buildActionMask = 2147483647;
			files = (
			);
			inputPaths = (
			);
			name = "[CP] Copy Pods Resources";
			outputPaths = (
			);
			runOnlyForDeploymentPostprocessing = 0;
			shellPath = /bin/sh;
			shellScript = "\"${SRCROOT}/Pods/Target Support Files/Pods-YKCenterDemoTests/Pods-YKCenterDemoTests-resources.sh\"\n";
			showEnvVarsInLog = 0;
		};
		C2AAF2853A8FE4901582AEC4 /* [CP] Check Pods Manifest.lock */ = {
			isa = PBXShellScriptBuildPhase;
			buildActionMask = 2147483647;
			files = (
			);
			inputPaths = (
			);
			name = "[CP] Check Pods Manifest.lock";
			outputPaths = (
			);
			runOnlyForDeploymentPostprocessing = 0;
			shellPath = /bin/sh;
			shellScript = "diff \"${PODS_PODFILE_DIR_PATH}/Podfile.lock\" \"${PODS_ROOT}/Manifest.lock\" > /dev/null\nif [ $? != 0 ] ; then\n    # print error to STDERR\n    echo \"error: The sandbox is not in sync with the Podfile.lock. Run 'pod install' or update your CocoaPods installation.\" >&2\n    exit 1\nfi\n";
			showEnvVarsInLog = 0;
		};
		E3414B486F6E8D90BABAAA4B /* [CP] Embed Pods Frameworks */ = {
			isa = PBXShellScriptBuildPhase;
			buildActionMask = 2147483647;
			files = (
			);
			inputPaths = (
			);
			name = "[CP] Embed Pods Frameworks";
			outputPaths = (
			);
			runOnlyForDeploymentPostprocessing = 0;
			shellPath = /bin/sh;
			shellScript = "\"${SRCROOT}/Pods/Target Support Files/Pods-YKCenterDemoTests/Pods-YKCenterDemoTests-frameworks.sh\"\n";
			showEnvVarsInLog = 0;
		};
		E625A6B946591B5940B1C7EC /* [CP] Embed Pods Frameworks */ = {
			isa = PBXShellScriptBuildPhase;
			buildActionMask = 2147483647;
			files = (
			);
			inputPaths = (
			);
			name = "[CP] Embed Pods Frameworks";
			outputPaths = (
			);
			runOnlyForDeploymentPostprocessing = 0;
			shellPath = /bin/sh;
			shellScript = "\"${SRCROOT}/Pods/Target Support Files/Pods-YKCenterDemoUITests/Pods-YKCenterDemoUITests-frameworks.sh\"\n";
			showEnvVarsInLog = 0;
		};
		EECE5B9ABC2A304E3FE6FF89 /* [CP] Embed Pods Frameworks */ = {
			isa = PBXShellScriptBuildPhase;
			buildActionMask = 2147483647;
			files = (
			);
			inputPaths = (
			);
			name = "[CP] Embed Pods Frameworks";
			outputPaths = (
			);
			runOnlyForDeploymentPostprocessing = 0;
			shellPath = /bin/sh;
			shellScript = "\"${SRCROOT}/Pods/Target Support Files/Pods-YKCenterSwift/Pods-YKCenterSwift-frameworks.sh\"\n";
			showEnvVarsInLog = 0;
		};
/* End PBXShellScriptBuildPhase section */

/* Begin PBXSourcesBuildPhase section */
		3F32EEEF1EE7D5BC0032FC6A /* Sources */ = {
			isa = PBXSourcesBuildPhase;
			buildActionMask = 2147483647;
			files = (
				3F32EEF81EE7D5BC0032FC6A /* ViewController.swift in Sources */,
				3F32EEF61EE7D5BC0032FC6A /* AppDelegate.swift in Sources */,
				3F32EEFE1EE7D5BC0032FC6A /* YKCenterSwift.xcdatamodeld in Sources */,
				3F5AC80A1EE7DF04001ACA9A /* YKTest.m in Sources */,
			);
			runOnlyForDeploymentPostprocessing = 0;
		};
		3F32EF051EE7D5BD0032FC6A /* Sources */ = {
			isa = PBXSourcesBuildPhase;
			buildActionMask = 2147483647;
			files = (
				3F32EF0E1EE7D5BD0032FC6A /* YKCenterSwiftTests.swift in Sources */,
			);
			runOnlyForDeploymentPostprocessing = 0;
		};
		3F32EF101EE7D5BD0032FC6A /* Sources */ = {
			isa = PBXSourcesBuildPhase;
			buildActionMask = 2147483647;
			files = (
				3F32EF191EE7D5BD0032FC6A /* YKCenterSwiftUITests.swift in Sources */,
			);
			runOnlyForDeploymentPostprocessing = 0;
		};
		3F5A21A41E27666F006BF365 /* Sources */ = {
			isa = PBXSourcesBuildPhase;
			buildActionMask = 2147483647;
			files = (
				3FE818C71E7160E0002FD52F /* YKLoginViewController.m in Sources */,
				3FA2D8801E2F71AD00551F8F /* YKRemoteTableViewController.m in Sources */,
				3FA2D80B1E2C691D00551F8F /* YKConfigTipsController.m in Sources */,
				3FA2D8301E2E184100551F8F /* YKMatchDeviceTableViewController.m in Sources */,
				3FEC71061F0357D10018F46C /* YKRemoteACViewController.m in Sources */,
				3F5A21F61E277483006BF365 /* YKDeviceListCell.m in Sources */,
				3FA2D8131E2C7DB000551F8F /* UIImageView+PlayGIF.m in Sources */,
				3FA2D8151E2C7EA800551F8F /* YKConfigWaitingController.m in Sources */,
				3FA2D8831E305BEE00551F8F /* YKRemoteViewController.m in Sources */,
				3FA2D81F1E2DF96D00551F8F /* YKDeviceTypeViewController.m in Sources */,
				3FA2D8001E2C602800551F8F /* YKCenterCommon.m in Sources */,
				3F5A21B31E27666F006BF365 /* YKViewController.m in Sources */,
				3F5A21B01E27666F006BF365 /* AppDelegate.m in Sources */,
				3FF3D8EC1F5F894F00A7110C /* YKForgetViewController.m in Sources */,
				3FE818CF1E7249CF002FD52F /* YKRegisterViewController.m in Sources */,
				3FE818CA1E723994002FD52F /* YKTextCell.m in Sources */,
				3FA2D8191E2C7F3B00551F8F /* UAProgressView.m in Sources */,
				3FA2D8261E2E0DE900551F8F /* YKBrandTableViewController.m in Sources */,
				3FF3D8F71F5F8C1100A7110C /* YKPhoneCell.m in Sources */,
				3F5A21AD1E27666F006BF365 /* main.m in Sources */,
				3FA2D80A1E2C68B400551F8F /* RadioButton.m in Sources */,
				3FA2D7FC1E2C5FB500551F8F /* YKPasswordCell.m in Sources */,
				3FA2D7F71E2C5FAA00551F8F /* YKSSIDCell.m in Sources */,
				3FA2D8331E2E186400551F8F /* YKMatchKeyTableViewController.m in Sources */,
				3FA2D8141E2C7DB000551F8F /* YFGIFImageView.m in Sources */,
				3FA2D7EF1E2C5EE200551F8F /* YKConfigStartController.m in Sources */,
				3FF3D8EF1F5F8A8300A7110C /* YKVerificationCell.m in Sources */,
				3FD9FA1C1EEA993F0037A44C /* SwiftYKViewController.swift in Sources */,
			);
			runOnlyForDeploymentPostprocessing = 0;
		};
		3F5A21BD1E27666F006BF365 /* Sources */ = {
			isa = PBXSourcesBuildPhase;
			buildActionMask = 2147483647;
			files = (
				3F5A21C61E27666F006BF365 /* YKCenterDemoTests.m in Sources */,
			);
			runOnlyForDeploymentPostprocessing = 0;
		};
		3F5A21C81E27666F006BF365 /* Sources */ = {
			isa = PBXSourcesBuildPhase;
			buildActionMask = 2147483647;
			files = (
				3F5A21D11E27666F006BF365 /* YKCenterDemoUITests.m in Sources */,
			);
			runOnlyForDeploymentPostprocessing = 0;
		};
/* End PBXSourcesBuildPhase section */

/* Begin PBXTargetDependency section */
		3F32EF0B1EE7D5BD0032FC6A /* PBXTargetDependency */ = {
			isa = PBXTargetDependency;
			target = 3F32EEF21EE7D5BC0032FC6A /* YKCenterSwift */;
			targetProxy = 3F32EF0A1EE7D5BD0032FC6A /* PBXContainerItemProxy */;
		};
		3F32EF161EE7D5BD0032FC6A /* PBXTargetDependency */ = {
			isa = PBXTargetDependency;
			target = 3F32EEF21EE7D5BC0032FC6A /* YKCenterSwift */;
			targetProxy = 3F32EF151EE7D5BD0032FC6A /* PBXContainerItemProxy */;
		};
		3F5A21C31E27666F006BF365 /* PBXTargetDependency */ = {
			isa = PBXTargetDependency;
			target = 3F5A21A71E27666F006BF365 /* YKCenterDemo */;
			targetProxy = 3F5A21C21E27666F006BF365 /* PBXContainerItemProxy */;
		};
		3F5A21CE1E27666F006BF365 /* PBXTargetDependency */ = {
			isa = PBXTargetDependency;
			target = 3F5A21A71E27666F006BF365 /* YKCenterDemo */;
			targetProxy = 3F5A21CD1E27666F006BF365 /* PBXContainerItemProxy */;
		};
/* End PBXTargetDependency section */

/* Begin PBXVariantGroup section */
		3F1383001F5577BB00D5FD0A /* Localizable.strings */ = {
			isa = PBXVariantGroup;
			children = (
				3F1382FF1F5577BB00D5FD0A /* zh-Hans */,
				3F1383011F5577F000D5FD0A /* en */,
			);
			name = Localizable.strings;
			sourceTree = "<group>";
		};
		3F32EEF91EE7D5BC0032FC6A /* Main.storyboard */ = {
			isa = PBXVariantGroup;
			children = (
				3F32EEFA1EE7D5BC0032FC6A /* Base */,
				3F1382F61F55776000D5FD0A /* en */,
				3F1382FA1F55776500D5FD0A /* zh-Hans */,
			);
			name = Main.storyboard;
			sourceTree = "<group>";
		};
		3F32EF011EE7D5BD0032FC6A /* LaunchScreen.storyboard */ = {
			isa = PBXVariantGroup;
			children = (
				3F32EF021EE7D5BD0032FC6A /* Base */,
				3F1382F71F55776000D5FD0A /* en */,
				3F1382FB1F55776500D5FD0A /* zh-Hans */,
			);
			name = LaunchScreen.storyboard;
			sourceTree = "<group>";
		};
		3F5A21B41E27666F006BF365 /* Main.storyboard */ = {
			isa = PBXVariantGroup;
			children = (
				3F5A21B51E27666F006BF365 /* Base */,
				3F1382F41F55775F00D5FD0A /* en */,
				3F1382F81F55776500D5FD0A /* zh-Hans */,
			);
			name = Main.storyboard;
			sourceTree = "<group>";
		};
		3F5A21B91E27666F006BF365 /* LaunchScreen.storyboard */ = {
			isa = PBXVariantGroup;
			children = (
				3F5A21BA1E27666F006BF365 /* Base */,
				3F1382F51F55776000D5FD0A /* en */,
				3F1382F91F55776500D5FD0A /* zh-Hans */,
			);
			name = LaunchScreen.storyboard;
			sourceTree = "<group>";
		};
/* End PBXVariantGroup section */

/* Begin XCBuildConfiguration section */
		3F32EF1B1EE7D5BD0032FC6A /* Debug */ = {
			isa = XCBuildConfiguration;
			baseConfigurationReference = 496F3FBD45EAA063D624E25F /* Pods-YKCenterSwift.debug.xcconfig */;
			buildSettings = {
				ASSETCATALOG_COMPILER_APPICON_NAME = AppIcon;
				CLANG_ALLOW_NON_MODULAR_INCLUDES_IN_FRAMEWORK_MODULES = NO;
				CLANG_ANALYZER_NUMBER_OBJECT_CONVERSION = YES_AGGRESSIVE;
				CLANG_ENABLE_MODULES = YES;
				CODE_SIGN_STYLE = Manual;
				DEVELOPMENT_TEAM = HY8S4564M8;
				INFOPLIST_FILE = YKCenterSwift/Info.plist;
				IPHONEOS_DEPLOYMENT_TARGET = 9.0;
				LD_RUNPATH_SEARCH_PATHS = "$(inherited) @executable_path/Frameworks";
				PRODUCT_BUNDLE_IDENTIFIER = com.yaokantv.live.YKCenterSwift;
				PRODUCT_NAME = "$(TARGET_NAME)";
				PROVISIONING_PROFILE = "efe4a673-3974-4610-a1fc-46ec08aaa48c";
				PROVISIONING_PROFILE_SPECIFIER = Yaokan_Developer;
				SWIFT_ACTIVE_COMPILATION_CONDITIONS = DEBUG;
				SWIFT_OBJC_BRIDGING_HEADER = "YKCenterSwift/YKCenterSwift-Bridging-Header.h";
				SWIFT_OPTIMIZATION_LEVEL = "-Onone";
				SWIFT_VERSION = 3.0;
				TARGETED_DEVICE_FAMILY = "1,2";
			};
			name = Debug;
		};
		3F32EF1C1EE7D5BD0032FC6A /* Release */ = {
			isa = XCBuildConfiguration;
			baseConfigurationReference = 355C6262D1154727EB7321AF /* Pods-YKCenterSwift.release.xcconfig */;
			buildSettings = {
				ASSETCATALOG_COMPILER_APPICON_NAME = AppIcon;
				CLANG_ALLOW_NON_MODULAR_INCLUDES_IN_FRAMEWORK_MODULES = NO;
				CLANG_ANALYZER_NUMBER_OBJECT_CONVERSION = YES_AGGRESSIVE;
				CLANG_ENABLE_MODULES = YES;
				CODE_SIGN_STYLE = Manual;
				DEVELOPMENT_TEAM = "";
				INFOPLIST_FILE = YKCenterSwift/Info.plist;
				IPHONEOS_DEPLOYMENT_TARGET = 9.0;
				LD_RUNPATH_SEARCH_PATHS = "$(inherited) @executable_path/Frameworks";
				PRODUCT_BUNDLE_IDENTIFIER = com.yaokantv.live.YKCenterSwift;
				PRODUCT_NAME = "$(TARGET_NAME)";
				PROVISIONING_PROFILE_SPECIFIER = "";
				SWIFT_OBJC_BRIDGING_HEADER = "YKCenterSwift/YKCenterSwift-Bridging-Header.h";
				SWIFT_OPTIMIZATION_LEVEL = "-Owholemodule";
				SWIFT_VERSION = 3.0;
				TARGETED_DEVICE_FAMILY = "1,2";
			};
			name = Release;
		};
		3F32EF1D1EE7D5BD0032FC6A /* Debug */ = {
			isa = XCBuildConfiguration;
			buildSettings = {
				ALWAYS_EMBED_SWIFT_STANDARD_LIBRARIES = YES;
				BUNDLE_LOADER = "$(TEST_HOST)";
				CLANG_ANALYZER_NUMBER_OBJECT_CONVERSION = YES_AGGRESSIVE;
				DEVELOPMENT_TEAM = HY8S4564M8;
				INFOPLIST_FILE = YKCenterSwiftTests/Info.plist;
				IPHONEOS_DEPLOYMENT_TARGET = 10.3;
				LD_RUNPATH_SEARCH_PATHS = "$(inherited) @executable_path/Frameworks @loader_path/Frameworks";
				PRODUCT_BUNDLE_IDENTIFIER = com.yaokantv.live.YKCenterSwiftTests;
				PRODUCT_NAME = "$(TARGET_NAME)";
				SWIFT_ACTIVE_COMPILATION_CONDITIONS = DEBUG;
				SWIFT_OPTIMIZATION_LEVEL = "-Onone";
				SWIFT_VERSION = 3.0;
				TEST_HOST = "$(BUILT_PRODUCTS_DIR)/YKCenterSwift.app/YKCenterSwift";
			};
			name = Debug;
		};
		3F32EF1E1EE7D5BD0032FC6A /* Release */ = {
			isa = XCBuildConfiguration;
			buildSettings = {
				ALWAYS_EMBED_SWIFT_STANDARD_LIBRARIES = YES;
				BUNDLE_LOADER = "$(TEST_HOST)";
				CLANG_ANALYZER_NUMBER_OBJECT_CONVERSION = YES_AGGRESSIVE;
				DEVELOPMENT_TEAM = HY8S4564M8;
				INFOPLIST_FILE = YKCenterSwiftTests/Info.plist;
				IPHONEOS_DEPLOYMENT_TARGET = 10.3;
				LD_RUNPATH_SEARCH_PATHS = "$(inherited) @executable_path/Frameworks @loader_path/Frameworks";
				PRODUCT_BUNDLE_IDENTIFIER = com.yaokantv.live.YKCenterSwiftTests;
				PRODUCT_NAME = "$(TARGET_NAME)";
				SWIFT_OPTIMIZATION_LEVEL = "-Owholemodule";
				SWIFT_VERSION = 3.0;
				TEST_HOST = "$(BUILT_PRODUCTS_DIR)/YKCenterSwift.app/YKCenterSwift";
			};
			name = Release;
		};
		3F32EF1F1EE7D5BD0032FC6A /* Debug */ = {
			isa = XCBuildConfiguration;
			buildSettings = {
				ALWAYS_EMBED_SWIFT_STANDARD_LIBRARIES = YES;
				CLANG_ANALYZER_NUMBER_OBJECT_CONVERSION = YES_AGGRESSIVE;
				DEVELOPMENT_TEAM = HY8S4564M8;
				INFOPLIST_FILE = YKCenterSwiftUITests/Info.plist;
				IPHONEOS_DEPLOYMENT_TARGET = 10.3;
				LD_RUNPATH_SEARCH_PATHS = "$(inherited) @executable_path/Frameworks @loader_path/Frameworks";
				PRODUCT_BUNDLE_IDENTIFIER = com.yaokantv.live.YKCenterSwiftUITests;
				PRODUCT_NAME = "$(TARGET_NAME)";
				SWIFT_ACTIVE_COMPILATION_CONDITIONS = DEBUG;
				SWIFT_OPTIMIZATION_LEVEL = "-Onone";
				SWIFT_VERSION = 3.0;
				TEST_TARGET_NAME = YKCenterSwift;
			};
			name = Debug;
		};
		3F32EF201EE7D5BD0032FC6A /* Release */ = {
			isa = XCBuildConfiguration;
			buildSettings = {
				ALWAYS_EMBED_SWIFT_STANDARD_LIBRARIES = YES;
				CLANG_ANALYZER_NUMBER_OBJECT_CONVERSION = YES_AGGRESSIVE;
				DEVELOPMENT_TEAM = HY8S4564M8;
				INFOPLIST_FILE = YKCenterSwiftUITests/Info.plist;
				IPHONEOS_DEPLOYMENT_TARGET = 10.3;
				LD_RUNPATH_SEARCH_PATHS = "$(inherited) @executable_path/Frameworks @loader_path/Frameworks";
				PRODUCT_BUNDLE_IDENTIFIER = com.yaokantv.live.YKCenterSwiftUITests;
				PRODUCT_NAME = "$(TARGET_NAME)";
				SWIFT_OPTIMIZATION_LEVEL = "-Owholemodule";
				SWIFT_VERSION = 3.0;
				TEST_TARGET_NAME = YKCenterSwift;
			};
			name = Release;
		};
		3F5A21D31E27666F006BF365 /* Debug */ = {
			isa = XCBuildConfiguration;
			buildSettings = {
				ALWAYS_SEARCH_USER_PATHS = NO;
				CLANG_ANALYZER_LOCALIZABILITY_NONLOCALIZED = YES;
				CLANG_ANALYZER_NONNULL = YES;
				CLANG_CXX_LANGUAGE_STANDARD = "gnu++0x";
				CLANG_CXX_LIBRARY = "libc++";
				CLANG_ENABLE_MODULES = YES;
				CLANG_ENABLE_OBJC_ARC = YES;
				CLANG_WARN_BOOL_CONVERSION = YES;
				CLANG_WARN_CONSTANT_CONVERSION = YES;
				CLANG_WARN_DIRECT_OBJC_ISA_USAGE = YES_ERROR;
				CLANG_WARN_DOCUMENTATION_COMMENTS = YES;
				CLANG_WARN_EMPTY_BODY = YES;
				CLANG_WARN_ENUM_CONVERSION = YES;
				CLANG_WARN_INFINITE_RECURSION = YES;
				CLANG_WARN_INT_CONVERSION = YES;
				CLANG_WARN_OBJC_ROOT_CLASS = YES_ERROR;
				CLANG_WARN_SUSPICIOUS_MOVE = YES;
				CLANG_WARN_UNREACHABLE_CODE = YES;
				CLANG_WARN__DUPLICATE_METHOD_MATCH = YES;
				"CODE_SIGN_IDENTITY[sdk=iphoneos*]" = "iPhone Developer";
				COPY_PHASE_STRIP = NO;
				DEBUG_INFORMATION_FORMAT = dwarf;
				ENABLE_STRICT_OBJC_MSGSEND = YES;
				ENABLE_TESTABILITY = YES;
				GCC_C_LANGUAGE_STANDARD = gnu99;
				GCC_DYNAMIC_NO_PIC = NO;
				GCC_NO_COMMON_BLOCKS = YES;
				GCC_OPTIMIZATION_LEVEL = 0;
				GCC_PREPROCESSOR_DEFINITIONS = (
					"DEBUG=1",
					"$(inherited)",
				);
				GCC_WARN_64_TO_32_BIT_CONVERSION = YES;
				GCC_WARN_ABOUT_RETURN_TYPE = YES_ERROR;
				GCC_WARN_UNDECLARED_SELECTOR = YES;
				GCC_WARN_UNINITIALIZED_AUTOS = YES_AGGRESSIVE;
				GCC_WARN_UNUSED_FUNCTION = YES;
				GCC_WARN_UNUSED_VARIABLE = YES;
				IPHONEOS_DEPLOYMENT_TARGET = 8.4;
				MTL_ENABLE_DEBUG_INFO = YES;
				ONLY_ACTIVE_ARCH = YES;
				SDKROOT = iphoneos;
			};
			name = Debug;
		};
		3F5A21D41E27666F006BF365 /* Release */ = {
			isa = XCBuildConfiguration;
			buildSettings = {
				ALWAYS_SEARCH_USER_PATHS = NO;
				CLANG_ANALYZER_LOCALIZABILITY_NONLOCALIZED = YES;
				CLANG_ANALYZER_NONNULL = YES;
				CLANG_CXX_LANGUAGE_STANDARD = "gnu++0x";
				CLANG_CXX_LIBRARY = "libc++";
				CLANG_ENABLE_MODULES = YES;
				CLANG_ENABLE_OBJC_ARC = YES;
				CLANG_WARN_BOOL_CONVERSION = YES;
				CLANG_WARN_CONSTANT_CONVERSION = YES;
				CLANG_WARN_DIRECT_OBJC_ISA_USAGE = YES_ERROR;
				CLANG_WARN_DOCUMENTATION_COMMENTS = YES;
				CLANG_WARN_EMPTY_BODY = YES;
				CLANG_WARN_ENUM_CONVERSION = YES;
				CLANG_WARN_INFINITE_RECURSION = YES;
				CLANG_WARN_INT_CONVERSION = YES;
				CLANG_WARN_OBJC_ROOT_CLASS = YES_ERROR;
				CLANG_WARN_SUSPICIOUS_MOVE = YES;
				CLANG_WARN_UNREACHABLE_CODE = YES;
				CLANG_WARN__DUPLICATE_METHOD_MATCH = YES;
				"CODE_SIGN_IDENTITY[sdk=iphoneos*]" = "iPhone Developer";
				COPY_PHASE_STRIP = NO;
				DEBUG_INFORMATION_FORMAT = "dwarf-with-dsym";
				ENABLE_NS_ASSERTIONS = NO;
				ENABLE_STRICT_OBJC_MSGSEND = YES;
				GCC_C_LANGUAGE_STANDARD = gnu99;
				GCC_NO_COMMON_BLOCKS = YES;
				GCC_WARN_64_TO_32_BIT_CONVERSION = YES;
				GCC_WARN_ABOUT_RETURN_TYPE = YES_ERROR;
				GCC_WARN_UNDECLARED_SELECTOR = YES;
				GCC_WARN_UNINITIALIZED_AUTOS = YES_AGGRESSIVE;
				GCC_WARN_UNUSED_FUNCTION = YES;
				GCC_WARN_UNUSED_VARIABLE = YES;
				IPHONEOS_DEPLOYMENT_TARGET = 8.4;
				MTL_ENABLE_DEBUG_INFO = NO;
				SDKROOT = iphoneos;
				VALIDATE_PRODUCT = YES;
			};
			name = Release;
		};
		3F5A21D61E27666F006BF365 /* Debug */ = {
			isa = XCBuildConfiguration;
			baseConfigurationReference = 953D650F0BE54DF95127B38B /* Pods-YKCenterDemo.debug.xcconfig */;
			buildSettings = {
				ASSETCATALOG_COMPILER_APPICON_NAME = AppIcon;
				CLANG_ALLOW_NON_MODULAR_INCLUDES_IN_FRAMEWORK_MODULES = YES;
				CLANG_ENABLE_MODULES = YES;
				"CODE_SIGN_IDENTITY[sdk=iphoneos*]" = "iPhone Developer";
				DEVELOPMENT_TEAM = HY8S4564M8;
				ENABLE_BITCODE = YES;
				FRAMEWORK_SEARCH_PATHS = "$(inherited)";
				GCC_SYMBOLS_PRIVATE_EXTERN = YES;
				INFOPLIST_FILE = YKCenterDemo/Info.plist;
				LD_RUNPATH_SEARCH_PATHS = "$(inherited)";
				PRODUCT_BUNDLE_IDENTIFIER = com.yaokantv.YKCenterDemo;
				PRODUCT_NAME = "$(TARGET_NAME)";
				PROVISIONING_PROFILE = "efe4a673-3974-4610-a1fc-46ec08aaa48c";
				PROVISIONING_PROFILE_SPECIFIER = Yaokan_Developer;
				SWIFT_OBJC_BRIDGING_HEADER = "YKCenterDemo/YKCenterDemo-Bridging-Header.h";
				SWIFT_OPTIMIZATION_LEVEL = "-Onone";
				SWIFT_VERSION = 3.0;
			};
			name = Debug;
		};
		3F5A21D71E27666F006BF365 /* Release */ = {
			isa = XCBuildConfiguration;
			baseConfigurationReference = C27E20758E35C3EA31589872 /* Pods-YKCenterDemo.release.xcconfig */;
			buildSettings = {
				ASSETCATALOG_COMPILER_APPICON_NAME = AppIcon;
				CLANG_ALLOW_NON_MODULAR_INCLUDES_IN_FRAMEWORK_MODULES = YES;
				CLANG_ENABLE_MODULES = YES;
				"CODE_SIGN_IDENTITY[sdk=iphoneos*]" = "iPhone Developer";
				DEVELOPMENT_TEAM = "";
				ENABLE_BITCODE = YES;
				FRAMEWORK_SEARCH_PATHS = "$(inherited)";
				GCC_SYMBOLS_PRIVATE_EXTERN = YES;
				INFOPLIST_FILE = YKCenterDemo/Info.plist;
				LD_RUNPATH_SEARCH_PATHS = "$(inherited)";
				PRODUCT_BUNDLE_IDENTIFIER = com.yaokantv.YKCenterDemo;
				PRODUCT_NAME = "$(TARGET_NAME)";
				PROVISIONING_PROFILE = "";
				PROVISIONING_PROFILE_SPECIFIER = "";
				SWIFT_OBJC_BRIDGING_HEADER = "YKCenterDemo/YKCenterDemo-Bridging-Header.h";
				SWIFT_VERSION = 3.0;
			};
			name = Release;
		};
		3F5A21D91E27666F006BF365 /* Debug */ = {
			isa = XCBuildConfiguration;
			baseConfigurationReference = 44A2DD7874924338FB5FC93E /* Pods-YKCenterDemoTests.debug.xcconfig */;
			buildSettings = {
				ALWAYS_EMBED_SWIFT_STANDARD_LIBRARIES = YES;
				BUNDLE_LOADER = "$(TEST_HOST)";
				INFOPLIST_FILE = YKCenterDemoTests/Info.plist;
				LD_RUNPATH_SEARCH_PATHS = "$(inherited) @executable_path/Frameworks @loader_path/Frameworks";
				PRODUCT_BUNDLE_IDENTIFIER = com.yaokantv.YKCenterDemoTests;
				PRODUCT_NAME = "$(TARGET_NAME)";
				TEST_HOST = "$(BUILT_PRODUCTS_DIR)/YKCenterDemo.app/YKCenterDemo";
			};
			name = Debug;
		};
		3F5A21DA1E27666F006BF365 /* Release */ = {
			isa = XCBuildConfiguration;
			baseConfigurationReference = 750A4D20AAEFF164616399CD /* Pods-YKCenterDemoTests.release.xcconfig */;
			buildSettings = {
				ALWAYS_EMBED_SWIFT_STANDARD_LIBRARIES = YES;
				BUNDLE_LOADER = "$(TEST_HOST)";
				INFOPLIST_FILE = YKCenterDemoTests/Info.plist;
				LD_RUNPATH_SEARCH_PATHS = "$(inherited) @executable_path/Frameworks @loader_path/Frameworks";
				PRODUCT_BUNDLE_IDENTIFIER = com.yaokantv.YKCenterDemoTests;
				PRODUCT_NAME = "$(TARGET_NAME)";
				TEST_HOST = "$(BUILT_PRODUCTS_DIR)/YKCenterDemo.app/YKCenterDemo";
			};
			name = Release;
		};
		3F5A21DC1E27666F006BF365 /* Debug */ = {
			isa = XCBuildConfiguration;
			baseConfigurationReference = 474C1B9CFFE633D1CB331BF7 /* Pods-YKCenterDemoUITests.debug.xcconfig */;
			buildSettings = {
				ALWAYS_EMBED_SWIFT_STANDARD_LIBRARIES = YES;
				INFOPLIST_FILE = YKCenterDemoUITests/Info.plist;
				LD_RUNPATH_SEARCH_PATHS = "$(inherited) @executable_path/Frameworks @loader_path/Frameworks";
				PRODUCT_BUNDLE_IDENTIFIER = com.yaokantv.YKCenterDemoUITests;
				PRODUCT_NAME = "$(TARGET_NAME)";
				TEST_TARGET_NAME = YKCenterDemo;
			};
			name = Debug;
		};
		3F5A21DD1E27666F006BF365 /* Release */ = {
			isa = XCBuildConfiguration;
			baseConfigurationReference = CDC7C44A38E90531FA3BFC2B /* Pods-YKCenterDemoUITests.release.xcconfig */;
			buildSettings = {
				ALWAYS_EMBED_SWIFT_STANDARD_LIBRARIES = YES;
				INFOPLIST_FILE = YKCenterDemoUITests/Info.plist;
				LD_RUNPATH_SEARCH_PATHS = "$(inherited) @executable_path/Frameworks @loader_path/Frameworks";
				PRODUCT_BUNDLE_IDENTIFIER = com.yaokantv.YKCenterDemoUITests;
				PRODUCT_NAME = "$(TARGET_NAME)";
				TEST_TARGET_NAME = YKCenterDemo;
			};
			name = Release;
		};
/* End XCBuildConfiguration section */

/* Begin XCConfigurationList section */
		3F32EF211EE7D5BD0032FC6A /* Build configuration list for PBXNativeTarget "YKCenterSwift" */ = {
			isa = XCConfigurationList;
			buildConfigurations = (
				3F32EF1B1EE7D5BD0032FC6A /* Debug */,
				3F32EF1C1EE7D5BD0032FC6A /* Release */,
			);
			defaultConfigurationIsVisible = 0;
			defaultConfigurationName = Release;
		};
		3F32EF221EE7D5BD0032FC6A /* Build configuration list for PBXNativeTarget "YKCenterSwiftTests" */ = {
			isa = XCConfigurationList;
			buildConfigurations = (
				3F32EF1D1EE7D5BD0032FC6A /* Debug */,
				3F32EF1E1EE7D5BD0032FC6A /* Release */,
			);
			defaultConfigurationIsVisible = 0;
			defaultConfigurationName = Release;
		};
		3F32EF231EE7D5BD0032FC6A /* Build configuration list for PBXNativeTarget "YKCenterSwiftUITests" */ = {
			isa = XCConfigurationList;
			buildConfigurations = (
				3F32EF1F1EE7D5BD0032FC6A /* Debug */,
				3F32EF201EE7D5BD0032FC6A /* Release */,
			);
			defaultConfigurationIsVisible = 0;
			defaultConfigurationName = Release;
		};
		3F5A21A31E27666F006BF365 /* Build configuration list for PBXProject "YKCenterDemo" */ = {
			isa = XCConfigurationList;
			buildConfigurations = (
				3F5A21D31E27666F006BF365 /* Debug */,
				3F5A21D41E27666F006BF365 /* Release */,
			);
			defaultConfigurationIsVisible = 0;
			defaultConfigurationName = Release;
		};
		3F5A21D51E27666F006BF365 /* Build configuration list for PBXNativeTarget "YKCenterDemo" */ = {
			isa = XCConfigurationList;
			buildConfigurations = (
				3F5A21D61E27666F006BF365 /* Debug */,
				3F5A21D71E27666F006BF365 /* Release */,
			);
			defaultConfigurationIsVisible = 0;
			defaultConfigurationName = Release;
		};
		3F5A21D81E27666F006BF365 /* Build configuration list for PBXNativeTarget "YKCenterDemoTests" */ = {
			isa = XCConfigurationList;
			buildConfigurations = (
				3F5A21D91E27666F006BF365 /* Debug */,
				3F5A21DA1E27666F006BF365 /* Release */,
			);
			defaultConfigurationIsVisible = 0;
			defaultConfigurationName = Release;
		};
		3F5A21DB1E27666F006BF365 /* Build configuration list for PBXNativeTarget "YKCenterDemoUITests" */ = {
			isa = XCConfigurationList;
			buildConfigurations = (
				3F5A21DC1E27666F006BF365 /* Debug */,
				3F5A21DD1E27666F006BF365 /* Release */,
			);
			defaultConfigurationIsVisible = 0;
			defaultConfigurationName = Release;
		};
/* End XCConfigurationList section */

/* Begin XCVersionGroup section */
		3F32EEFC1EE7D5BC0032FC6A /* YKCenterSwift.xcdatamodeld */ = {
			isa = XCVersionGroup;
			children = (
				3F32EEFD1EE7D5BC0032FC6A /* YKCenterSwift.xcdatamodel */,
			);
			currentVersion = 3F32EEFD1EE7D5BC0032FC6A /* YKCenterSwift.xcdatamodel */;
			path = YKCenterSwift.xcdatamodeld;
			sourceTree = "<group>";
			versionGroupType = wrapper.xcdatamodel;
		};
/* End XCVersionGroup section */
	};
	rootObject = 3F5A21A01E27666F006BF365 /* Project object */;
}
